// !$*UTF8*$!
{
	archiveVersion = 1;
	classes = {};
	objectVersion = 56;
	objects = {
		8F2D61AA5765421980201B5C /* LocalTranscriberApp.swift in Sources */ = {isa = PBXBuildFile; fileRef = 681443692FC448568F776E0F /* LocalTranscriberApp.swift */; };
		089130C3C471498AAB857D87 /* TranscriptionJob.swift in Sources */ = {isa = PBXBuildFile; fileRef = 1DD1BA331093405894B3E4EA /* TranscriptionJob.swift */; };
		8A49C9ABBA3943A0B42F0353 /* Transcript.swift in Sources */ = {isa = PBXBuildFile; fileRef = 619638AE801C4FAC8FFC330C /* Transcript.swift */; };
		D504EF9343B64DD096E9A52B /* TranscriptSegment.swift in Sources */ = {isa = PBXBuildFile; fileRef = 2F9D2581866741D5A45D1809 /* TranscriptSegment.swift */; };
		C162A8F51D4C47309DF02134 /* AppSettings.swift in Sources */ = {isa = PBXBuildFile; fileRef = 2D5A6D6F139846229D246750 /* AppSettings.swift */; };
		122D6744D0A54CAD93EB5275 /* ExportFormat.swift in Sources */ = {isa = PBXBuildFile; fileRef = DE6BAB275BC644ACBB8202D2 /* ExportFormat.swift */; };
		234CBA058EEE46A28FCCE15B /* TranscriptionProgressUpdate.swift in Sources */ = {isa = PBXBuildFile; fileRef = 4B05DF14B0E047788F581684 /* TranscriptionProgressUpdate.swift */; };
		8A58C26C2B8446CB9B9765A9 /* TranscriptionProgressDisplay.swift in Sources */ = {isa = PBXBuildFile; fileRef = C71CAA513B264DF5851B2626 /* TranscriptionProgressDisplay.swift */; };
		0B33EE80A2EF45D1B8D405F3 /* TranscriptTextSanitizer.swift in Sources */ = {isa = PBXBuildFile; fileRef = 73F55687DBE1462A8B3F0076 /* TranscriptTextSanitizer.swift */; };
		752FE8A2A514423098FA81CA /* TranscriptPartialTextBuilder.swift in Sources */ = {isa = PBXBuildFile; fileRef = 0122939E9A754E64AE442376 /* TranscriptPartialTextBuilder.swift */; };
		F2415FA4A5FC49209A0B126B /* AppDirectories.swift in Sources */ = {isa = PBXBuildFile; fileRef = 3A3A923C8E95444D9390199E /* AppDirectories.swift */; };
		FD63DD22D4DB403BAEB79A1E /* Logger.swift in Sources */ = {isa = PBXBuildFile; fileRef = CD4C747F37FA4B339A268240 /* Logger.swift */; };
		055C582C3B354965BE4124D8 /* ErrorMapper.swift in Sources */ = {isa = PBXBuildFile; fileRef = A5DBC70A60FF4F48B4B1D497 /* ErrorMapper.swift */; };
		0F5F93A9340A4154AE1335C7 /* AppVersion.swift in Sources */ = {isa = PBXBuildFile; fileRef = DB9AC30F631D40B281B42EBC /* AppVersion.swift */; };
		89C49EE7DDF24BD8B9D29CA5 /* SupportedAudioTypes.swift in Sources */ = {isa = PBXBuildFile; fileRef = C766625A4DF2480EAF30B8A8 /* SupportedAudioTypes.swift */; };
		108A9FB7AB054348884D82A8 /* Transcriber.swift in Sources */ = {isa = PBXBuildFile; fileRef = 9C36EB9B1FB841C199CD427E /* Transcriber.swift */; };
		3CDAE8E16472483180DAC6E1 /* WhisperKitTranscriber.swift in Sources */ = {isa = PBXBuildFile; fileRef = BC20ED776EC84C6C80B783A2 /* WhisperKitTranscriber.swift */; };
		65004576D42D485E9CB975AE /* ModelAvailabilityService.swift in Sources */ = {isa = PBXBuildFile; fileRef = A3E89B6108E34A2991544E75 /* ModelAvailabilityService.swift */; };
		4C7D20BCC47C4D3DBE733ED0 /* ModelDownloadService.swift in Sources */ = {isa = PBXBuildFile; fileRef = 895BB30BBDFC4AA38329EEB4 /* ModelDownloadService.swift */; };
		C031CC2D82104EAEAA6C704A /* AudioImportService.swift in Sources */ = {isa = PBXBuildFile; fileRef = 9ED318A0727647659003810F /* AudioImportService.swift */; };
		7185D60F665440C0A89EED47 /* AudioFileService.swift in Sources */ = {isa = PBXBuildFile; fileRef = 7E3F860441534E5CB72D9382 /* AudioFileService.swift */; };
		230009ACAE6943238E4B3D6E /* DropFileNameResolver.swift in Sources */ = {isa = PBXBuildFile; fileRef = BAE5226D615A45E991D07689 /* DropFileNameResolver.swift */; };
		CE1676F25F9D48D5AF7C4B25 /* DropURLParser.swift in Sources */ = {isa = PBXBuildFile; fileRef = E8A08A465BA049C4A5820D2D /* DropURLParser.swift */; };
		E0E7B8A341294602B370B67D /* DropImportService.swift in Sources */ = {isa = PBXBuildFile; fileRef = EE695377108C41F9BA8017FF /* DropImportService.swift */; };
		C245209719634732AC2BE1F0 /* AudioFileNameResolver.swift in Sources */ = {isa = PBXBuildFile; fileRef = E8D00414C4C24A3A9FFF6B60 /* AudioFileNameResolver.swift */; };
		14603284F9ED471B86EF15E9 /* ExportService.swift in Sources */ = {isa = PBXBuildFile; fileRef = 0FB445A423B7489E8F7C0F85 /* ExportService.swift */; };
		CABB418CE0AB41E39BC79765 /* AudioPlayerService.swift in Sources */ = {isa = PBXBuildFile; fileRef = C7D7ECA1D233489D82D6623C /* AudioPlayerService.swift */; };
		7E7F199656F64883A98FD3D5 /* SecurityScopedFileAccess.swift in Sources */ = {isa = PBXBuildFile; fileRef = 31517E8CE0E040FEA7A7E5D5 /* SecurityScopedFileAccess.swift */; };
		5B79281A6FA74BA1A7BB6D70 /* UpdateCheckService.swift in Sources */ = {isa = PBXBuildFile; fileRef = 612E41EE57514155A52F581B /* UpdateCheckService.swift */; };
		2AB1085EE45140B1BC9D3B2F /* UpdateURLValidator.swift in Sources */ = {isa = PBXBuildFile; fileRef = 0A4F74F74EE645419B3F0E94 /* UpdateURLValidator.swift */; };
		25714688F7084AC6A7153EE7 /* MainWindowView.swift in Sources */ = {isa = PBXBuildFile; fileRef = A344A79F340B4D4E9709A135 /* MainWindowView.swift */; };
		53A603E9CDC5485D95C769A1 /* MainWindowViewModel.swift in Sources */ = {isa = PBXBuildFile; fileRef = 3C78CCB5765045D280B39B90 /* MainWindowViewModel.swift */; };
		CA2D59712D8F41ADAD2502B7 /* UpdateCheckViewModel.swift in Sources */ = {isa = PBXBuildFile; fileRef = 3D968A1CB113429E85E201FE /* UpdateCheckViewModel.swift */; };
		25C9E93C27B447DE9374274F /* StatusBarView.swift in Sources */ = {isa = PBXBuildFile; fileRef = 37D21D7AFE1348A8BAA14244 /* StatusBarView.swift */; };
		F61B5DEB22F543A9B840C57F /* FileDropView.swift in Sources */ = {isa = PBXBuildFile; fileRef = 0FBB9534F22744FC8616D238 /* FileDropView.swift */; };
		D7A0E94BD7E24F629F345FB6 /* TranscriptEditorView.swift in Sources */ = {isa = PBXBuildFile; fileRef = 4E03274385C74F0F844E5C9B /* TranscriptEditorView.swift */; };
		2B259B1617C846C0AA87BBAA /* ExportServiceTests.swift in Sources */ = {isa = PBXBuildFile; fileRef = 009A16C8BBEA4710BF20FB40 /* ExportServiceTests.swift */; };
		730E68B3FDD64BD7B615CC30 /* TranscriptModelTests.swift in Sources */ = {isa = PBXBuildFile; fileRef = 1206F4736CD242D3A00189BD /* TranscriptModelTests.swift */; };
		578C782DE7724FDBB562A503 /* TranscriptionSmokeTests.swift in Sources */ = {isa = PBXBuildFile; fileRef = 5BFD718D29E74AB9B3592E9F /* TranscriptionSmokeTests.swift */; };
		A91B3B9226214465A8221861 /* ModelAvailabilityServiceTests.swift in Sources */ = {isa = PBXBuildFile; fileRef = 299A72CF267247F8A386C1BF /* ModelAvailabilityServiceTests.swift */; };
		29CC9A56A2374FB1BEFDCBE6 /* TranscriptionProgressDisplayTests.swift in Sources */ = {isa = PBXBuildFile; fileRef = E87A1E82C72447F9A6B83946 /* TranscriptionProgressDisplayTests.swift */; };
		E218438CB57141C394E46B3D /* ModelDownloadIntegrationTests.swift in Sources */ = {isa = PBXBuildFile; fileRef = 10E549059D7A424F8FE06810 /* ModelDownloadIntegrationTests.swift */; };
		1702D96DB6E3424C9548C4F7 /* ModelAvailabilityPathTests.swift in Sources */ = {isa = PBXBuildFile; fileRef = 8B6BB58285A74E799554991C /* ModelAvailabilityPathTests.swift */; };
		1E966B0A7EA547B6AA36E31E /* ModelDownloadServiceTests.swift in Sources */ = {isa = PBXBuildFile; fileRef = A9A7F167D6024795B142EED2 /* ModelDownloadServiceTests.swift */; };
		2DA335BF039C495FA98EA8D7 /* WhisperKitTranscriberTests.swift in Sources */ = {isa = PBXBuildFile; fileRef = 05308968F58A4370AE9B77EE /* WhisperKitTranscriberTests.swift */; };
		4A81DC6EDD534F4BB3C8D6C3 /* AudioImportServiceTests.swift in Sources */ = {isa = PBXBuildFile; fileRef = 168DF53549CC4C75A71DC818 /* AudioImportServiceTests.swift */; };
		759CAC01CDDA49489097439F /* AudioFileServiceTests.swift in Sources */ = {isa = PBXBuildFile; fileRef = EB6B46A59D23439F8A915135 /* AudioFileServiceTests.swift */; };
		260A98FF9EFE434D8C4DAAA8 /* MainWindowViewModelImportTests.swift in Sources */ = {isa = PBXBuildFile; fileRef = 61E88025288549358388D288 /* MainWindowViewModelImportTests.swift */; };
		F52AB046549643C8A8B3ADB7 /* MainWindowViewModelProgressTests.swift in Sources */ = {isa = PBXBuildFile; fileRef = D33BF43D923E4F7A922FF415 /* MainWindowViewModelProgressTests.swift */; };
		8BF7D43BD32A494AB2737DE8 /* TranscriptTextSanitizerTests.swift in Sources */ = {isa = PBXBuildFile; fileRef = EE438975BF3E41D4BC0C0D88 /* TranscriptTextSanitizerTests.swift */; };
		ADB8E3E2856542E4A41623B6 /* TranscriptPartialTextBuilderTests.swift in Sources */ = {isa = PBXBuildFile; fileRef = 70B06CC5E24D4CC8BE6E2AAE /* TranscriptPartialTextBuilderTests.swift */; };
		DC2A06189A0D47139AFC3E8E /* AudioPlayerServiceTests.swift in Sources */ = {isa = PBXBuildFile; fileRef = 49009474DE07449DBC01CF0A /* AudioPlayerServiceTests.swift */; };
		4E71A73A694C4860B28125A8 /* AppVersionTests.swift in Sources */ = {isa = PBXBuildFile; fileRef = 5AE1C40D80C749E884B591FC /* AppVersionTests.swift */; };
		3D992A7C300D4D63B62A83A9 /* UpdateCheckServiceTests.swift in Sources */ = {isa = PBXBuildFile; fileRef = 7DABAFB56D23444E9A05048E /* UpdateCheckServiceTests.swift */; };
		656E6CFE876B40F3B70604F1 /* ErrorMapperTests.swift in Sources */ = {isa = PBXBuildFile; fileRef = 92D3C4467932414DB8ADE64D /* ErrorMapperTests.swift */; };
		49BEE78225AE4C0CAD94B366 /* UpdateURLValidatorTests.swift in Sources */ = {isa = PBXBuildFile; fileRef = E1DB7FDD57FF4253A516BAA2 /* UpdateURLValidatorTests.swift */; };
		0CBD9FFC12994942BEDB506F /* AudioFileNameResolverTests.swift in Sources */ = {isa = PBXBuildFile; fileRef = 4A46D626F28D46ABB9480290 /* AudioFileNameResolverTests.swift */; };
		186B1509EF4142C8A39B9938 /* Defaults.plist in Resources */ = {isa = PBXBuildFile; fileRef = 843D8DD3B27F459FA1A9E1FE /* Defaults.plist */; };
		B4D2FCCB5FC84A91BA0E3B9F /* Assets.xcassets in Resources */ = {isa = PBXBuildFile; fileRef = 42B27DBA14B14ED8AAB13C0C /* Assets.xcassets */; };
		312ABA3BEA0E4B5AB27D308F /* Localizable.xcstrings in Resources */ = {isa = PBXBuildFile; fileRef = D9E7B82ADCCC4F9C8A3C63B4 /* Localizable.xcstrings */; };
		B1FCCCFDE17B45F781BE205A /* WhisperKit in Frameworks */ = {isa = PBXBuildFile; productRef = A6ED27972D0244FB948562C2 /* WhisperKit */; };
		9FA5582BF4AE47B8895D0226 /* Transnote.app */ = {isa = PBXFileReference; explicitFileType = wrapper.application; includeInIndex = 0; path = Transnote.app; sourceTree = BUILT_PRODUCTS_DIR; };
		9A5DE204FEEA4E1F9786A37C /* LocalTranscriberTests.xctest */ = {isa = PBXFileReference; explicitFileType = wrapper.cfbundle; includeInIndex = 0; path = LocalTranscriberTests.xctest; sourceTree = BUILT_PRODUCTS_DIR; };
		681443692FC448568F776E0F /* LocalTranscriberApp.swift */ = {isa = PBXFileReference; lastKnownFileType = sourcecode.swift; path = LocalTranscriberApp.swift; sourceTree = "<group>"; };
		1DD1BA331093405894B3E4EA /* TranscriptionJob.swift */ = {isa = PBXFileReference; lastKnownFileType = sourcecode.swift; path = TranscriptionJob.swift; sourceTree = "<group>"; };
		619638AE801C4FAC8FFC330C /* Transcript.swift */ = {isa = PBXFileReference; lastKnownFileType = sourcecode.swift; path = Transcript.swift; sourceTree = "<group>"; };
		2F9D2581866741D5A45D1809 /* TranscriptSegment.swift */ = {isa = PBXFileReference; lastKnownFileType = sourcecode.swift; path = TranscriptSegment.swift; sourceTree = "<group>"; };
		2D5A6D6F139846229D246750 /* AppSettings.swift */ = {isa = PBXFileReference; lastKnownFileType = sourcecode.swift; path = AppSettings.swift; sourceTree = "<group>"; };
		DE6BAB275BC644ACBB8202D2 /* ExportFormat.swift */ = {isa = PBXFileReference; lastKnownFileType = sourcecode.swift; path = ExportFormat.swift; sourceTree = "<group>"; };
		4B05DF14B0E047788F581684 /* TranscriptionProgressUpdate.swift */ = {isa = PBXFileReference; lastKnownFileType = sourcecode.swift; path = TranscriptionProgressUpdate.swift; sourceTree = "<group>"; };
		C71CAA513B264DF5851B2626 /* TranscriptionProgressDisplay.swift */ = {isa = PBXFileReference; lastKnownFileType = sourcecode.swift; path = TranscriptionProgressDisplay.swift; sourceTree = "<group>"; };
		73F55687DBE1462A8B3F0076 /* TranscriptTextSanitizer.swift */ = {isa = PBXFileReference; lastKnownFileType = sourcecode.swift; path = TranscriptTextSanitizer.swift; sourceTree = "<group>"; };
		0122939E9A754E64AE442376 /* TranscriptPartialTextBuilder.swift */ = {isa = PBXFileReference; lastKnownFileType = sourcecode.swift; path = TranscriptPartialTextBuilder.swift; sourceTree = "<group>"; };
		3A3A923C8E95444D9390199E /* AppDirectories.swift */ = {isa = PBXFileReference; lastKnownFileType = sourcecode.swift; path = AppDirectories.swift; sourceTree = "<group>"; };
		CD4C747F37FA4B339A268240 /* Logger.swift */ = {isa = PBXFileReference; lastKnownFileType = sourcecode.swift; path = Logger.swift; sourceTree = "<group>"; };
		A5DBC70A60FF4F48B4B1D497 /* ErrorMapper.swift */ = {isa = PBXFileReference; lastKnownFileType = sourcecode.swift; path = ErrorMapper.swift; sourceTree = "<group>"; };
		DB9AC30F631D40B281B42EBC /* AppVersion.swift */ = {isa = PBXFileReference; lastKnownFileType = sourcecode.swift; path = AppVersion.swift; sourceTree = "<group>"; };
		C766625A4DF2480EAF30B8A8 /* SupportedAudioTypes.swift */ = {isa = PBXFileReference; lastKnownFileType = sourcecode.swift; path = SupportedAudioTypes.swift; sourceTree = "<group>"; };
		9C36EB9B1FB841C199CD427E /* Transcriber.swift */ = {isa = PBXFileReference; lastKnownFileType = sourcecode.swift; path = Transcriber.swift; sourceTree = "<group>"; };
		BC20ED776EC84C6C80B783A2 /* WhisperKitTranscriber.swift */ = {isa = PBXFileReference; lastKnownFileType = sourcecode.swift; path = WhisperKitTranscriber.swift; sourceTree = "<group>"; };
		A3E89B6108E34A2991544E75 /* ModelAvailabilityService.swift */ = {isa = PBXFileReference; lastKnownFileType = sourcecode.swift; path = ModelAvailabilityService.swift; sourceTree = "<group>"; };
		895BB30BBDFC4AA38329EEB4 /* ModelDownloadService.swift */ = {isa = PBXFileReference; lastKnownFileType = sourcecode.swift; path = ModelDownloadService.swift; sourceTree = "<group>"; };
		9ED318A0727647659003810F /* AudioImportService.swift */ = {isa = PBXFileReference; lastKnownFileType = sourcecode.swift; path = AudioImportService.swift; sourceTree = "<group>"; };
		7E3F860441534E5CB72D9382 /* AudioFileService.swift */ = {isa = PBXFileReference; lastKnownFileType = sourcecode.swift; path = AudioFileService.swift; sourceTree = "<group>"; };
		BAE5226D615A45E991D07689 /* DropFileNameResolver.swift */ = {isa = PBXFileReference; lastKnownFileType = sourcecode.swift; path = DropFileNameResolver.swift; sourceTree = "<group>"; };
		E8A08A465BA049C4A5820D2D /* DropURLParser.swift */ = {isa = PBXFileReference; lastKnownFileType = sourcecode.swift; path = DropURLParser.swift; sourceTree = "<group>"; };
		EE695377108C41F9BA8017FF /* DropImportService.swift */ = {isa = PBXFileReference; lastKnownFileType = sourcecode.swift; path = DropImportService.swift; sourceTree = "<group>"; };
		E8D00414C4C24A3A9FFF6B60 /* AudioFileNameResolver.swift */ = {isa = PBXFileReference; lastKnownFileType = sourcecode.swift; path = AudioFileNameResolver.swift; sourceTree = "<group>"; };
		0FB445A423B7489E8F7C0F85 /* ExportService.swift */ = {isa = PBXFileReference; lastKnownFileType = sourcecode.swift; path = ExportService.swift; sourceTree = "<group>"; };
		C7D7ECA1D233489D82D6623C /* AudioPlayerService.swift */ = {isa = PBXFileReference; lastKnownFileType = sourcecode.swift; path = AudioPlayerService.swift; sourceTree = "<group>"; };
		31517E8CE0E040FEA7A7E5D5 /* SecurityScopedFileAccess.swift */ = {isa = PBXFileReference; lastKnownFileType = sourcecode.swift; path = SecurityScopedFileAccess.swift; sourceTree = "<group>"; };
		612E41EE57514155A52F581B /* UpdateCheckService.swift */ = {isa = PBXFileReference; lastKnownFileType = sourcecode.swift; path = UpdateCheckService.swift; sourceTree = "<group>"; };
		0A4F74F74EE645419B3F0E94 /* UpdateURLValidator.swift */ = {isa = PBXFileReference; lastKnownFileType = sourcecode.swift; path = UpdateURLValidator.swift; sourceTree = "<group>"; };
		A344A79F340B4D4E9709A135 /* MainWindowView.swift */ = {isa = PBXFileReference; lastKnownFileType = sourcecode.swift; path = MainWindowView.swift; sourceTree = "<group>"; };
		3C78CCB5765045D280B39B90 /* MainWindowViewModel.swift */ = {isa = PBXFileReference; lastKnownFileType = sourcecode.swift; path = MainWindowViewModel.swift; sourceTree = "<group>"; };
		3D968A1CB113429E85E201FE /* UpdateCheckViewModel.swift */ = {isa = PBXFileReference; lastKnownFileType = sourcecode.swift; path = UpdateCheckViewModel.swift; sourceTree = "<group>"; };
		37D21D7AFE1348A8BAA14244 /* StatusBarView.swift */ = {isa = PBXFileReference; lastKnownFileType = sourcecode.swift; path = StatusBarView.swift; sourceTree = "<group>"; };
		0FBB9534F22744FC8616D238 /* FileDropView.swift */ = {isa = PBXFileReference; lastKnownFileType = sourcecode.swift; path = FileDropView.swift; sourceTree = "<group>"; };
		4E03274385C74F0F844E5C9B /* TranscriptEditorView.swift */ = {isa = PBXFileReference; lastKnownFileType = sourcecode.swift; path = TranscriptEditorView.swift; sourceTree = "<group>"; };
		009A16C8BBEA4710BF20FB40 /* ExportServiceTests.swift */ = {isa = PBXFileReference; lastKnownFileType = sourcecode.swift; path = ExportServiceTests.swift; sourceTree = "<group>"; };
		1206F4736CD242D3A00189BD /* TranscriptModelTests.swift */ = {isa = PBXFileReference; lastKnownFileType = sourcecode.swift; path = TranscriptModelTests.swift; sourceTree = "<group>"; };
		5BFD718D29E74AB9B3592E9F /* TranscriptionSmokeTests.swift */ = {isa = PBXFileReference; lastKnownFileType = sourcecode.swift; path = TranscriptionSmokeTests.swift; sourceTree = "<group>"; };
		299A72CF267247F8A386C1BF /* ModelAvailabilityServiceTests.swift */ = {isa = PBXFileReference; lastKnownFileType = sourcecode.swift; path = ModelAvailabilityServiceTests.swift; sourceTree = "<group>"; };
		E87A1E82C72447F9A6B83946 /* TranscriptionProgressDisplayTests.swift */ = {isa = PBXFileReference; lastKnownFileType = sourcecode.swift; path = TranscriptionProgressDisplayTests.swift; sourceTree = "<group>"; };
		10E549059D7A424F8FE06810 /* ModelDownloadIntegrationTests.swift */ = {isa = PBXFileReference; lastKnownFileType = sourcecode.swift; path = ModelDownloadIntegrationTests.swift; sourceTree = "<group>"; };
		8B6BB58285A74E799554991C /* ModelAvailabilityPathTests.swift */ = {isa = PBXFileReference; lastKnownFileType = sourcecode.swift; path = ModelAvailabilityPathTests.swift; sourceTree = "<group>"; };
		A9A7F167D6024795B142EED2 /* ModelDownloadServiceTests.swift */ = {isa = PBXFileReference; lastKnownFileType = sourcecode.swift; path = ModelDownloadServiceTests.swift; sourceTree = "<group>"; };
		05308968F58A4370AE9B77EE /* WhisperKitTranscriberTests.swift */ = {isa = PBXFileReference; lastKnownFileType = sourcecode.swift; path = WhisperKitTranscriberTests.swift; sourceTree = "<group>"; };
		168DF53549CC4C75A71DC818 /* AudioImportServiceTests.swift */ = {isa = PBXFileReference; lastKnownFileType = sourcecode.swift; path = AudioImportServiceTests.swift; sourceTree = "<group>"; };
		EB6B46A59D23439F8A915135 /* AudioFileServiceTests.swift */ = {isa = PBXFileReference; lastKnownFileType = sourcecode.swift; path = AudioFileServiceTests.swift; sourceTree = "<group>"; };
		61E88025288549358388D288 /* MainWindowViewModelImportTests.swift */ = {isa = PBXFileReference; lastKnownFileType = sourcecode.swift; path = MainWindowViewModelImportTests.swift; sourceTree = "<group>"; };
		D33BF43D923E4F7A922FF415 /* MainWindowViewModelProgressTests.swift */ = {isa = PBXFileReference; lastKnownFileType = sourcecode.swift; path = MainWindowViewModelProgressTests.swift; sourceTree = "<group>"; };
		EE438975BF3E41D4BC0C0D88 /* TranscriptTextSanitizerTests.swift */ = {isa = PBXFileReference; lastKnownFileType = sourcecode.swift; path = TranscriptTextSanitizerTests.swift; sourceTree = "<group>"; };
		70B06CC5E24D4CC8BE6E2AAE /* TranscriptPartialTextBuilderTests.swift */ = {isa = PBXFileReference; lastKnownFileType = sourcecode.swift; path = TranscriptPartialTextBuilderTests.swift; sourceTree = "<group>"; };
		49009474DE07449DBC01CF0A /* AudioPlayerServiceTests.swift */ = {isa = PBXFileReference; lastKnownFileType = sourcecode.swift; path = AudioPlayerServiceTests.swift; sourceTree = "<group>"; };
		5AE1C40D80C749E884B591FC /* AppVersionTests.swift */ = {isa = PBXFileReference; lastKnownFileType = sourcecode.swift; path = AppVersionTests.swift; sourceTree = "<group>"; };
		7DABAFB56D23444E9A05048E /* UpdateCheckServiceTests.swift */ = {isa = PBXFileReference; lastKnownFileType = sourcecode.swift; path = UpdateCheckServiceTests.swift; sourceTree = "<group>"; };
		92D3C4467932414DB8ADE64D /* ErrorMapperTests.swift */ = {isa = PBXFileReference; lastKnownFileType = sourcecode.swift; path = ErrorMapperTests.swift; sourceTree = "<group>"; };
		E1DB7FDD57FF4253A516BAA2 /* UpdateURLValidatorTests.swift */ = {isa = PBXFileReference; lastKnownFileType = sourcecode.swift; path = UpdateURLValidatorTests.swift; sourceTree = "<group>"; };
		4A46D626F28D46ABB9480290 /* AudioFileNameResolverTests.swift */ = {isa = PBXFileReference; lastKnownFileType = sourcecode.swift; path = AudioFileNameResolverTests.swift; sourceTree = "<group>"; };
		843D8DD3B27F459FA1A9E1FE /* Defaults.plist */ = {isa = PBXFileReference; lastKnownFileType = text.plist.xml; path = Defaults.plist; sourceTree = "<group>"; };
		42B27DBA14B14ED8AAB13C0C /* Assets.xcassets */ = {isa = PBXFileReference; lastKnownFileType = folder.assetcatalog; path = Assets.xcassets; sourceTree = "<group>"; };
		D9E7B82ADCCC4F9C8A3C63B4 /* Localizable.xcstrings */ = {isa = PBXFileReference; lastKnownFileType = text.json.xcstrings; path = Localizable.xcstrings; sourceTree = "<group>"; };
		5A106755E2B24606A8313551 /* LocalTranscriber.entitlements */ = {isa = PBXFileReference; lastKnownFileType = text.plist.entitlements; path = LocalTranscriber.entitlements; sourceTree = "<group>"; };
		EE50CA27418F4A3599C8F916 /* Info.plist */ = {isa = PBXFileReference; lastKnownFileType = text.plist.xml; path = Info.plist; sourceTree = "<group>"; };
		A8A3973C50814551A7971D42 /* Frameworks */ = {
			isa = PBXFrameworksBuildPhase;
			buildActionMask = 2147483647;
			files = (
				B1FCCCFDE17B45F781BE205A /* WhisperKit in Frameworks */,
			);
			runOnlyForDeploymentPostprocessing = 0;
		};
		D816D4EF00444E1B89B68339 /* Frameworks */ = {
			isa = PBXFrameworksBuildPhase;
			buildActionMask = 2147483647;
			files = ();
			runOnlyForDeploymentPostprocessing = 0;
		};
		CEEE7C31C4B24E95A08369DE /* Domain */ = {
			isa = PBXGroup;
			children = (
				1DD1BA331093405894B3E4EA /* TranscriptionJob.swift */,
				619638AE801C4FAC8FFC330C /* Transcript.swift */,
				2F9D2581866741D5A45D1809 /* TranscriptSegment.swift */,
				2D5A6D6F139846229D246750 /* AppSettings.swift */,
				DE6BAB275BC644ACBB8202D2 /* ExportFormat.swift */,
				4B05DF14B0E047788F581684 /* TranscriptionProgressUpdate.swift */,
				C71CAA513B264DF5851B2626 /* TranscriptionProgressDisplay.swift */,
				73F55687DBE1462A8B3F0076 /* TranscriptTextSanitizer.swift */,
				0122939E9A754E64AE442376 /* TranscriptPartialTextBuilder.swift */,
			);
			path = Domain;
			sourceTree = "<group>";
		};
		CE9EEBFACA8849EFAB58A550 /* Infrastructure */ = {
			isa = PBXGroup;
			children = (
				3A3A923C8E95444D9390199E /* AppDirectories.swift */,
				CD4C747F37FA4B339A268240 /* Logger.swift */,
				A5DBC70A60FF4F48B4B1D497 /* ErrorMapper.swift */,
				DB9AC30F631D40B281B42EBC /* AppVersion.swift */,
				C766625A4DF2480EAF30B8A8 /* SupportedAudioTypes.swift */,
			);
			path = Infrastructure;
			sourceTree = "<group>";
		};
		11EECE2F48B34566A8207793 /* Services */ = {
			isa = PBXGroup;
			children = (
				9C36EB9B1FB841C199CD427E /* Transcriber.swift */,
				BC20ED776EC84C6C80B783A2 /* WhisperKitTranscriber.swift */,
				A3E89B6108E34A2991544E75 /* ModelAvailabilityService.swift */,
				895BB30BBDFC4AA38329EEB4 /* ModelDownloadService.swift */,
				9ED318A0727647659003810F /* AudioImportService.swift */,
				7E3F860441534E5CB72D9382 /* AudioFileService.swift */,
				BAE5226D615A45E991D07689 /* DropFileNameResolver.swift */,
				E8A08A465BA049C4A5820D2D /* DropURLParser.swift */,
				EE695377108C41F9BA8017FF /* DropImportService.swift */,
				E8D00414C4C24A3A9FFF6B60 /* AudioFileNameResolver.swift */,
				0FB445A423B7489E8F7C0F85 /* ExportService.swift */,
				C7D7ECA1D233489D82D6623C /* AudioPlayerService.swift */,
				31517E8CE0E040FEA7A7E5D5 /* SecurityScopedFileAccess.swift */,
				612E41EE57514155A52F581B /* UpdateCheckService.swift */,
				0A4F74F74EE645419B3F0E94 /* UpdateURLValidator.swift */,
			);
			path = Services;
			sourceTree = "<group>";
		};
		03A64FDA06A04AB5AF517640 /* Presentation */ = {
			isa = PBXGroup;
			children = (
				A344A79F340B4D4E9709A135 /* MainWindowView.swift */,
				3C78CCB5765045D280B39B90 /* MainWindowViewModel.swift */,
				3D968A1CB113429E85E201FE /* UpdateCheckViewModel.swift */,
				37D21D7AFE1348A8BAA14244 /* StatusBarView.swift */,
				0FBB9534F22744FC8616D238 /* FileDropView.swift */,
				4E03274385C74F0F844E5C9B /* TranscriptEditorView.swift */,
			);
			path = Presentation;
			sourceTree = "<group>";
		};
		8560C1872F0A42199556770D /* LocalTranscriber */ = {
			isa = PBXGroup;
			children = (
				681443692FC448568F776E0F /* LocalTranscriberApp.swift */,
				CEEE7C31C4B24E95A08369DE /* Domain */,
				CE9EEBFACA8849EFAB58A550 /* Infrastructure */,
				11EECE2F48B34566A8207793 /* Services */,
				03A64FDA06A04AB5AF517640 /* Presentation */,
				42B27DBA14B14ED8AAB13C0C /* Assets.xcassets */,
				D9E7B82ADCCC4F9C8A3C63B4 /* Localizable.xcstrings */,
				EE50CA27418F4A3599C8F916 /* Info.plist */,
				5A106755E2B24606A8313551 /* LocalTranscriber.entitlements */,
			);
			path = LocalTranscriber;
			sourceTree = "<group>";
		};
		D0D222E88D124B939DA95DAD /* LocalTranscriberTests */ = {
			isa = PBXGroup;
			children = (
				009A16C8BBEA4710BF20FB40 /* ExportServiceTests.swift */,
				1206F4736CD242D3A00189BD /* TranscriptModelTests.swift */,
				5BFD718D29E74AB9B3592E9F /* TranscriptionSmokeTests.swift */,
				299A72CF267247F8A386C1BF /* ModelAvailabilityServiceTests.swift */,
				E87A1E82C72447F9A6B83946 /* TranscriptionProgressDisplayTests.swift */,
				10E549059D7A424F8FE06810 /* ModelDownloadIntegrationTests.swift */,
				8B6BB58285A74E799554991C /* ModelAvailabilityPathTests.swift */,
				A9A7F167D6024795B142EED2 /* ModelDownloadServiceTests.swift */,
				05308968F58A4370AE9B77EE /* WhisperKitTranscriberTests.swift */,
				168DF53549CC4C75A71DC818 /* AudioImportServiceTests.swift */,
				EB6B46A59D23439F8A915135 /* AudioFileServiceTests.swift */,
				61E88025288549358388D288 /* MainWindowViewModelImportTests.swift */,
				D33BF43D923E4F7A922FF415 /* MainWindowViewModelProgressTests.swift */,
				EE438975BF3E41D4BC0C0D88 /* TranscriptTextSanitizerTests.swift */,
				70B06CC5E24D4CC8BE6E2AAE /* TranscriptPartialTextBuilderTests.swift */,
				49009474DE07449DBC01CF0A /* AudioPlayerServiceTests.swift */,
				5AE1C40D80C749E884B591FC /* AppVersionTests.swift */,
				7DABAFB56D23444E9A05048E /* UpdateCheckServiceTests.swift */,
				92D3C4467932414DB8ADE64D /* ErrorMapperTests.swift */,
				E1DB7FDD57FF4253A516BAA2 /* UpdateURLValidatorTests.swift */,
				4A46D626F28D46ABB9480290 /* AudioFileNameResolverTests.swift */,
			);
			path = LocalTranscriberTests;
			sourceTree = "<group>";
		};
		4E4811E9FAA04C828B814B8A /* Config */ = {
			isa = PBXGroup;
			children = (
				843D8DD3B27F459FA1A9E1FE /* Defaults.plist */,
			);
			path = Config;
			sourceTree = "<group>";
		};
		BDBF8D8710554333B76F4F99 /* Products */ = {
			isa = PBXGroup;
			children = (
				9FA5582BF4AE47B8895D0226 /* Transnote.app */,
				9A5DE204FEEA4E1F9786A37C /* LocalTranscriberTests.xctest */,
			);
			sourceTree = "<group>";
		};
		0B3637CD2CCF4526A9F84A50 /* Main */ = {
			isa = PBXGroup;
			children = (
				8560C1872F0A42199556770D /* LocalTranscriber */,
				D0D222E88D124B939DA95DAD /* LocalTranscriberTests */,
				4E4811E9FAA04C828B814B8A /* Config */,
				BDBF8D8710554333B76F4F99 /* Products */,
			);
			sourceTree = "<group>";
		};
		BC395A062348413396E73574 /* PBXContainerItemProxy */ = {
			isa = PBXContainerItemProxy;
			containerPortal = 7ABE50B704C14FDF84B946C3 /* Project object */;
			proxyType = 1;
			remoteGlobalIDString = 6A87C3A82EAE4C8589A118DD;
			remoteInfo = LocalTranscriber;
		};
		6F774C10D458489CB007F138 /* PBXTargetDependency */ = {
			isa = PBXTargetDependency;
			target = 6A87C3A82EAE4C8589A118DD /* LocalTranscriber */;
			targetProxy = BC395A062348413396E73574 /* PBXContainerItemProxy */;
		};
		6A87C3A82EAE4C8589A118DD /* LocalTranscriber */ = {
			isa = PBXNativeTarget;
			buildConfigurationList = A49A848741C547C9BB47F3FF /* Build configuration list for PBXNativeTarget "LocalTranscriber" */;
			buildPhases = (
				323F71E4FCF2464BA5D54209 /* Sources */,
				A8A3973C50814551A7971D42 /* Frameworks */,
				4DE317778160486DBC267B58 /* Resources */,
			);
			buildRules = ();
			dependencies = ();
			name = LocalTranscriber;
			packageProductDependencies = (
				A6ED27972D0244FB948562C2 /* WhisperKit */,
			);
			productName = LocalTranscriber;
			productReference = 9FA5582BF4AE47B8895D0226 /* Transnote.app */;
			productType = "com.apple.product-type.application";
		};
		170AE574E6944B0B80EAB1BA /* LocalTranscriberTests */ = {
			isa = PBXNativeTarget;
			buildConfigurationList = 93404EE7FFBD4D239ADD526F /* Build configuration list for PBXNativeTarget "LocalTranscriberTests" */;
			buildPhases = (
				76DF30E532464EF5B115B2A0 /* Sources */,
				D816D4EF00444E1B89B68339 /* Frameworks */,
			);
			buildRules = ();
			dependencies = (
				6F774C10D458489CB007F138 /* PBXTargetDependency */,
			);
			name = LocalTranscriberTests;
			productName = LocalTranscriberTests;
			productReference = 9A5DE204FEEA4E1F9786A37C /* LocalTranscriberTests.xctest */;
			productType = "com.apple.product-type.bundle.unit-test";
		};
		7ABE50B704C14FDF84B946C3 /* Project object */ = {
			isa = PBXProject;
			attributes = {
				BuildIndependentTargetsInParallel = 1;
				LastSwiftUpdateCheck = 1600;
				LastUpgradeCheck = 1600;
				TargetAttributes = {
					6A87C3A82EAE4C8589A118DD = {
						CreatedOnToolsVersion = 16.0;
					};
					170AE574E6944B0B80EAB1BA = {
						CreatedOnToolsVersion = 16.0;
						TestTargetID = 6A87C3A82EAE4C8589A118DD;
					};
				};
			};
			buildConfigurationList = C229CF39DCCC4F8586E9FDD9 /* Build configuration list for PBXProject "LocalTranscriber" */;
			compatibilityVersion = "Xcode 14.0";
			developmentRegion = ja;
			hasScannedForEncodings = 0;
			knownRegions = (en, ja, Base);
			mainGroup = 0B3637CD2CCF4526A9F84A50;
			packageReferences = (
				42500977C0E64A799C6302E5 /* XCRemoteSwiftPackageReference argmax-oss-swift */,
			);
			productRefGroup = BDBF8D8710554333B76F4F99 /* Products */;
			projectDirPath = "";
			projectRoot = "";
			targets = (
				6A87C3A82EAE4C8589A118DD /* LocalTranscriber */,
				170AE574E6944B0B80EAB1BA /* LocalTranscriberTests */,
			);
		};
		323F71E4FCF2464BA5D54209 /* Sources */ = {
			isa = PBXSourcesBuildPhase;
			buildActionMask = 2147483647;
			files = (
				8F2D61AA5765421980201B5C /* LocalTranscriberApp.swift in Sources */,
				089130C3C471498AAB857D87 /* TranscriptionJob.swift in Sources */,
				8A49C9ABBA3943A0B42F0353 /* Transcript.swift in Sources */,
				D504EF9343B64DD096E9A52B /* TranscriptSegment.swift in Sources */,
				C162A8F51D4C47309DF02134 /* AppSettings.swift in Sources */,
				122D6744D0A54CAD93EB5275 /* ExportFormat.swift in Sources */,
				234CBA058EEE46A28FCCE15B /* TranscriptionProgressUpdate.swift in Sources */,
				8A58C26C2B8446CB9B9765A9 /* TranscriptionProgressDisplay.swift in Sources */,
				0B33EE80A2EF45D1B8D405F3 /* TranscriptTextSanitizer.swift in Sources */,
				752FE8A2A514423098FA81CA /* TranscriptPartialTextBuilder.swift in Sources */,
				F2415FA4A5FC49209A0B126B /* AppDirectories.swift in Sources */,
				FD63DD22D4DB403BAEB79A1E /* Logger.swift in Sources */,
				055C582C3B354965BE4124D8 /* ErrorMapper.swift in Sources */,
				0F5F93A9340A4154AE1335C7 /* AppVersion.swift in Sources */,
				89C49EE7DDF24BD8B9D29CA5 /* SupportedAudioTypes.swift in Sources */,
				108A9FB7AB054348884D82A8 /* Transcriber.swift in Sources */,
				3CDAE8E16472483180DAC6E1 /* WhisperKitTranscriber.swift in Sources */,
				65004576D42D485E9CB975AE /* ModelAvailabilityService.swift in Sources */,
				4C7D20BCC47C4D3DBE733ED0 /* ModelDownloadService.swift in Sources */,
				C031CC2D82104EAEAA6C704A /* AudioImportService.swift in Sources */,
				7185D60F665440C0A89EED47 /* AudioFileService.swift in Sources */,
				230009ACAE6943238E4B3D6E /* DropFileNameResolver.swift in Sources */,
				CE1676F25F9D48D5AF7C4B25 /* DropURLParser.swift in Sources */,
				E0E7B8A341294602B370B67D /* DropImportService.swift in Sources */,
				C245209719634732AC2BE1F0 /* AudioFileNameResolver.swift in Sources */,
				14603284F9ED471B86EF15E9 /* ExportService.swift in Sources */,
				CABB418CE0AB41E39BC79765 /* AudioPlayerService.swift in Sources */,
				7E7F199656F64883A98FD3D5 /* SecurityScopedFileAccess.swift in Sources */,
				5B79281A6FA74BA1A7BB6D70 /* UpdateCheckService.swift in Sources */,
				2AB1085EE45140B1BC9D3B2F /* UpdateURLValidator.swift in Sources */,
				25714688F7084AC6A7153EE7 /* MainWindowView.swift in Sources */,
				53A603E9CDC5485D95C769A1 /* MainWindowViewModel.swift in Sources */,
				CA2D59712D8F41ADAD2502B7 /* UpdateCheckViewModel.swift in Sources */,
				25C9E93C27B447DE9374274F /* StatusBarView.swift in Sources */,
				F61B5DEB22F543A9B840C57F /* FileDropView.swift in Sources */,
				D7A0E94BD7E24F629F345FB6 /* TranscriptEditorView.swift in Sources */,
			);
			runOnlyForDeploymentPostprocessing = 0;
		};
		76DF30E532464EF5B115B2A0 /* Sources */ = {
			isa = PBXSourcesBuildPhase;
			buildActionMask = 2147483647;
			files = (
				2B259B1617C846C0AA87BBAA /* ExportServiceTests.swift in Sources */,
				730E68B3FDD64BD7B615CC30 /* TranscriptModelTests.swift in Sources */,
				578C782DE7724FDBB562A503 /* TranscriptionSmokeTests.swift in Sources */,
				A91B3B9226214465A8221861 /* ModelAvailabilityServiceTests.swift in Sources */,
				29CC9A56A2374FB1BEFDCBE6 /* TranscriptionProgressDisplayTests.swift in Sources */,
				E218438CB57141C394E46B3D /* ModelDownloadIntegrationTests.swift in Sources */,
				1702D96DB6E3424C9548C4F7 /* ModelAvailabilityPathTests.swift in Sources */,
				1E966B0A7EA547B6AA36E31E /* ModelDownloadServiceTests.swift in Sources */,
				2DA335BF039C495FA98EA8D7 /* WhisperKitTranscriberTests.swift in Sources */,
				4A81DC6EDD534F4BB3C8D6C3 /* AudioImportServiceTests.swift in Sources */,
				759CAC01CDDA49489097439F /* AudioFileServiceTests.swift in Sources */,
				260A98FF9EFE434D8C4DAAA8 /* MainWindowViewModelImportTests.swift in Sources */,
				F52AB046549643C8A8B3ADB7 /* MainWindowViewModelProgressTests.swift in Sources */,
				8BF7D43BD32A494AB2737DE8 /* TranscriptTextSanitizerTests.swift in Sources */,
				ADB8E3E2856542E4A41623B6 /* TranscriptPartialTextBuilderTests.swift in Sources */,
				DC2A06189A0D47139AFC3E8E /* AudioPlayerServiceTests.swift in Sources */,
				4E71A73A694C4860B28125A8 /* AppVersionTests.swift in Sources */,
				3D992A7C300D4D63B62A83A9 /* UpdateCheckServiceTests.swift in Sources */,
				656E6CFE876B40F3B70604F1 /* ErrorMapperTests.swift in Sources */,
				49BEE78225AE4C0CAD94B366 /* UpdateURLValidatorTests.swift in Sources */,
				0CBD9FFC12994942BEDB506F /* AudioFileNameResolverTests.swift in Sources */,
			);
			runOnlyForDeploymentPostprocessing = 0;
		};
		4DE317778160486DBC267B58 /* Resources */ = {
			isa = PBXResourcesBuildPhase;
			buildActionMask = 2147483647;
			files = (
				186B1509EF4142C8A39B9938 /* Defaults.plist in Resources */,
				B4D2FCCB5FC84A91BA0E3B9F /* Assets.xcassets in Resources */,
				312ABA3BEA0E4B5AB27D308F /* Localizable.xcstrings in Resources */,
			);
			runOnlyForDeploymentPostprocessing = 0;
		};
		0AF2F1E5395C4C7AB05E8E27 /* Debug */ = {
			isa = XCBuildConfiguration;
			buildSettings = {
				ALWAYS_SEARCH_USER_PATHS = NO;
				CLANG_ENABLE_MODULES = YES;
				CLANG_ENABLE_OBJC_ARC = YES;
				COPY_PHASE_STRIP = NO;
				DEBUG_INFORMATION_FORMAT = dwarf;
				ENABLE_STRICT_OBJC_MSGSEND = YES;
				GCC_C_LANGUAGE_STANDARD = gnu17;
				MACOSX_DEPLOYMENT_TARGET = 14.0;
				ONLY_ACTIVE_ARCH = YES;
				SDKROOT = macosx;
				SWIFT_ACTIVE_COMPILATION_CONDITIONS = "DEBUG $(inherited)";
				SWIFT_OPTIMIZATION_LEVEL = "-Onone";
				GCC_DYNAMIC_NO_PIC = NO;
				GCC_OPTIMIZATION_LEVEL = 0;
			};
			name = Debug;
		};
		CD7D068C5B7E4E248F6125F3 /* Release */ = {
			isa = XCBuildConfiguration;
			buildSettings = {
				ALWAYS_SEARCH_USER_PATHS = NO;
				CLANG_ENABLE_MODULES = YES;
				CLANG_ENABLE_OBJC_ARC = YES;
				COPY_PHASE_STRIP = YES;
				DEBUG_INFORMATION_FORMAT = "dwarf-with-dsym";
				ENABLE_NS_ASSERTIONS = NO;
				ENABLE_STRICT_OBJC_MSGSEND = YES;
				GCC_C_LANGUAGE_STANDARD = gnu17;
				MACOSX_DEPLOYMENT_TARGET = 14.0;
				ONLY_ACTIVE_ARCH = NO;
				SDKROOT = macosx;
				SWIFT_ACTIVE_COMPILATION_CONDITIONS = "$(inherited)";
				SWIFT_OPTIMIZATION_LEVEL = "-O";
				SWIFT_COMPILATION_MODE = wholemodule;
				VALIDATE_PRODUCT = YES;
			};
			name = Release;
		};
		616B66FD2A044CA9B70736AB /* Debug */ = {
			isa = XCBuildConfiguration;
			buildSettings = {
				ASSETCATALOG_COMPILER_APPICON_NAME = AppIcon;
				CODE_SIGN_ENTITLEMENTS = LocalTranscriber/LocalTranscriber.entitlements;
				CODE_SIGN_STYLE = Automatic;
				COMBINE_HIDPI_IMAGES = YES;
				CURRENT_PROJECT_VERSION = 1;
				DEVELOPMENT_TEAM = "";
				ENABLE_HARDENED_RUNTIME = YES;
				ENABLE_TESTABILITY = YES;
				GENERATE_INFOPLIST_FILE = NO;
				INFOPLIST_FILE = LocalTranscriber/Info.plist;
				LD_RUNPATH_SEARCH_PATHS = (
					"$(inherited)",
					"@executable_path/../Frameworks",
				);
				MACOSX_DEPLOYMENT_TARGET = 14.0;
				MARKETING_VERSION = 0.1.5;
				PRODUCT_BUNDLE_IDENTIFIER = com.transnote.LocalTranscriber;
				PRODUCT_MODULE_NAME = LocalTranscriber;
				PRODUCT_NAME = Transnote;
				SWIFT_EMIT_LOC_STRINGS = YES;
				SWIFT_VERSION = 5.0;
			};
			name = Debug;
		};
		3D954CA8474240E3B1FA120A /* Release */ = {
			isa = XCBuildConfiguration;
			buildSettings = {
				ASSETCATALOG_COMPILER_APPICON_NAME = AppIcon;
				CODE_SIGN_ENTITLEMENTS = LocalTranscriber/LocalTranscriber.entitlements;
				CODE_SIGN_STYLE = Automatic;
				COMBINE_HIDPI_IMAGES = YES;
				CURRENT_PROJECT_VERSION = 1;
				DEVELOPMENT_TEAM = "";
				ENABLE_HARDENED_RUNTIME = YES;
				GENERATE_INFOPLIST_FILE = NO;
				INFOPLIST_FILE = LocalTranscriber/Info.plist;
				LD_RUNPATH_SEARCH_PATHS = (
					"$(inherited)",
					"@executable_path/../Frameworks",
				);
				MACOSX_DEPLOYMENT_TARGET = 14.0;
				MARKETING_VERSION = 0.1.5;
				PRODUCT_BUNDLE_IDENTIFIER = com.transnote.LocalTranscriber;
				PRODUCT_MODULE_NAME = LocalTranscriber;
				PRODUCT_NAME = Transnote;
				SWIFT_EMIT_LOC_STRINGS = YES;
				SWIFT_VERSION = 5.0;
			};
			name = Release;
		};
		D106E06D900345B4A291F92C /* Debug */ = {
			isa = XCBuildConfiguration;
			buildSettings = {
				BUNDLE_LOADER = "$(TEST_HOST)";
				CODE_SIGN_STYLE = Automatic;
				CURRENT_PROJECT_VERSION = 1;
				DEVELOPMENT_TEAM = "";
				GENERATE_INFOPLIST_FILE = YES;
				MACOSX_DEPLOYMENT_TARGET = 14.0;
				MARKETING_VERSION = 0.1.5;
				PRODUCT_BUNDLE_IDENTIFIER = com.transnote.LocalTranscriberTests;
				PRODUCT_NAME = "$(TARGET_NAME)";
				SWIFT_EMIT_LOC_STRINGS = NO;
				SWIFT_VERSION = 5.0;
				TEST_HOST = "$(BUILT_PRODUCTS_DIR)/Transnote.app/$(BUNDLE_EXECUTABLE_FOLDER_PATH)/Transnote";
			};
			name = Debug;
		};
		5AFDCAA1405D48A7A849C7D0 /* Release */ = {
			isa = XCBuildConfiguration;
			buildSettings = {
				BUNDLE_LOADER = "$(TEST_HOST)";
				CODE_SIGN_STYLE = Automatic;
				CURRENT_PROJECT_VERSION = 1;
				DEVELOPMENT_TEAM = "";
				GENERATE_INFOPLIST_FILE = YES;
				MACOSX_DEPLOYMENT_TARGET = 14.0;
				MARKETING_VERSION = 0.1.5;
				PRODUCT_BUNDLE_IDENTIFIER = com.transnote.LocalTranscriberTests;
				PRODUCT_NAME = "$(TARGET_NAME)";
				SWIFT_EMIT_LOC_STRINGS = NO;
				SWIFT_VERSION = 5.0;
				TEST_HOST = "$(BUILT_PRODUCTS_DIR)/Transnote.app/$(BUNDLE_EXECUTABLE_FOLDER_PATH)/Transnote";
			};
			name = Release;
		};
		C229CF39DCCC4F8586E9FDD9 /* Build configuration list for PBXProject "LocalTranscriber" */ = {
			isa = XCConfigurationList;
			buildConfigurations = (
				0AF2F1E5395C4C7AB05E8E27 /* Debug */,
				CD7D068C5B7E4E248F6125F3 /* Release */,
			);
			defaultConfigurationIsVisible = 0;
			defaultConfigurationName = Release;
		};
		A49A848741C547C9BB47F3FF /* Build configuration list for PBXNativeTarget "LocalTranscriber" */ = {
			isa = XCConfigurationList;
			buildConfigurations = (
				616B66FD2A044CA9B70736AB /* Debug */,
				3D954CA8474240E3B1FA120A /* Release */,
			);
			defaultConfigurationIsVisible = 0;
			defaultConfigurationName = Release;
		};
		93404EE7FFBD4D239ADD526F /* Build configuration list for PBXNativeTarget "LocalTranscriberTests" */ = {
			isa = XCConfigurationList;
			buildConfigurations = (
				D106E06D900345B4A291F92C /* Debug */,
				5AFDCAA1405D48A7A849C7D0 /* Release */,
			);
			defaultConfigurationIsVisible = 0;
			defaultConfigurationName = Release;
		};
		42500977C0E64A799C6302E5 /* XCRemoteSwiftPackageReference argmax-oss-swift */ = {
			isa = XCRemoteSwiftPackageReference;
			repositoryURL = "https://github.com/argmaxinc/argmax-oss-swift";
			requirement = {
				kind = upToNextMinorVersion;
				minimumVersion = 0.18.0;
			};
		};
		A6ED27972D0244FB948562C2 /* WhisperKit */ = {
			isa = XCSwiftPackageProductDependency;
			package = 42500977C0E64A799C6302E5 /* XCRemoteSwiftPackageReference argmax-oss-swift */;
			productName = WhisperKit;
		};
	};
	rootObject = 7ABE50B704C14FDF84B946C3 /* Project object */;
}
