// !$*UTF8*$!
{
	archiveVersion = 1;
	classes = {};
	objectVersion = 56;
	objects = {
		107E0B0998EA4AF688352F9C /* LocalTranscriberApp.swift in Sources */ = {isa = PBXBuildFile; fileRef = 5EA5EA3FE62F4DA0839664EF /* LocalTranscriberApp.swift */; };
		6B686D1F17254576BD30C2A6 /* TranscriptionJob.swift in Sources */ = {isa = PBXBuildFile; fileRef = 68C7E9CE29AF4344845045D6 /* TranscriptionJob.swift */; };
		99EFA0C625EE4D1DB1D4865D /* Transcript.swift in Sources */ = {isa = PBXBuildFile; fileRef = 2566443FEBD4435DB93AA30A /* Transcript.swift */; };
		AF2F98C5A4DE472989138983 /* TranscriptSegment.swift in Sources */ = {isa = PBXBuildFile; fileRef = 83B03FDD1BBB44F1BB057862 /* TranscriptSegment.swift */; };
		2E3B6654E032497895EF5E1C /* AppSettings.swift in Sources */ = {isa = PBXBuildFile; fileRef = 5D6FC8E612814ACC9243D0C7 /* AppSettings.swift */; };
		60A3C7631C1E4781A6D81035 /* ExportFormat.swift in Sources */ = {isa = PBXBuildFile; fileRef = A35A14FB821C40E9AA5A75C4 /* ExportFormat.swift */; };
		0EECFFFF8AA14F13BDE0813F /* TranscriptionProgressUpdate.swift in Sources */ = {isa = PBXBuildFile; fileRef = 4DECB55002114BACA4502AFC /* TranscriptionProgressUpdate.swift */; };
		B72C7B31B1C147D6AC6D907E /* TranscriptionProgressDisplay.swift in Sources */ = {isa = PBXBuildFile; fileRef = E2A03E1C1A16476C98C1B6EC /* TranscriptionProgressDisplay.swift */; };
		CEC4C31BFBE046F89361295F /* TranscriptTextSanitizer.swift in Sources */ = {isa = PBXBuildFile; fileRef = F7F7EE96DC9E4FCD8FBD9F7A /* TranscriptTextSanitizer.swift */; };
		894A5355719B45829A850036 /* TranscriptPartialTextBuilder.swift in Sources */ = {isa = PBXBuildFile; fileRef = A8CA7D60AB924AFCA876CB96 /* TranscriptPartialTextBuilder.swift */; };
		61B40D1D5CCE4043A4CAF6CF /* AppDirectories.swift in Sources */ = {isa = PBXBuildFile; fileRef = 5AD8B9DFF06C43DD905516A8 /* AppDirectories.swift */; };
		EAAE380925914AD88DEBD20F /* Logger.swift in Sources */ = {isa = PBXBuildFile; fileRef = 5C047E5363644CAD9530429C /* Logger.swift */; };
		306C2712E4F649BAB35EEB6B /* ErrorMapper.swift in Sources */ = {isa = PBXBuildFile; fileRef = FC47BE735EB74B16B8943A77 /* ErrorMapper.swift */; };
		A9E631555CB24F09A8A58D06 /* AppVersion.swift in Sources */ = {isa = PBXBuildFile; fileRef = 0F1391A0C0F64854A4958EAB /* AppVersion.swift */; };
		DB08BEAC4E2C46528FB019AF /* SupportedAudioTypes.swift in Sources */ = {isa = PBXBuildFile; fileRef = 4C23E3FB1B1143B9B6812E30 /* SupportedAudioTypes.swift */; };
		5F3896300E874B9FA42D69D7 /* Transcriber.swift in Sources */ = {isa = PBXBuildFile; fileRef = 92975CC8A04240238BF14105 /* Transcriber.swift */; };
		61CEFBD382E244DB9934ECD0 /* WhisperKitTranscriber.swift in Sources */ = {isa = PBXBuildFile; fileRef = 27FC7C2E13ED45E094C3A481 /* WhisperKitTranscriber.swift */; };
		4BADF0835F7C4E50AFEBC6E1 /* ModelAvailabilityService.swift in Sources */ = {isa = PBXBuildFile; fileRef = 20A96D0A68D2404098FFA163 /* ModelAvailabilityService.swift */; };
		A6A3CD4F30B64C61B91EC40E /* ModelDownloadService.swift in Sources */ = {isa = PBXBuildFile; fileRef = 13D01439E2594A1EA9A5F3BF /* ModelDownloadService.swift */; };
		098B596DB97E460EB8A0581E /* AudioImportService.swift in Sources */ = {isa = PBXBuildFile; fileRef = D87C26BF6FA34794B9A1DE4D /* AudioImportService.swift */; };
		3715C91F28A1492DBE4AEB70 /* AudioFileService.swift in Sources */ = {isa = PBXBuildFile; fileRef = 747A4A9756054802B34EAA1B /* AudioFileService.swift */; };
		DEA11BAAC5504B9F87BB1CC0 /* DropFileNameResolver.swift in Sources */ = {isa = PBXBuildFile; fileRef = 6416643F134C45E5B1528B27 /* DropFileNameResolver.swift */; };
		5314966F04C342E995AA768F /* DropURLParser.swift in Sources */ = {isa = PBXBuildFile; fileRef = AC29A8D429204A3A983F949C /* DropURLParser.swift */; };
		54C2280D805541218A1AA49F /* DropImportService.swift in Sources */ = {isa = PBXBuildFile; fileRef = 83B38E9197B54375B0EA7483 /* DropImportService.swift */; };
		37B894AE810D451EBF88664E /* AudioFileNameResolver.swift in Sources */ = {isa = PBXBuildFile; fileRef = 68829A8D70C54700AF61A01C /* AudioFileNameResolver.swift */; };
		7D6C6D36C551482D97093ADF /* ExportService.swift in Sources */ = {isa = PBXBuildFile; fileRef = BF735E545BF5497C934B33BB /* ExportService.swift */; };
		6F513474DF494EE180EAB8B4 /* AudioPlayerService.swift in Sources */ = {isa = PBXBuildFile; fileRef = C80EF197B9BD4120AF14FFD1 /* AudioPlayerService.swift */; };
		08166A0EF3854687BC85C894 /* SecurityScopedFileAccess.swift in Sources */ = {isa = PBXBuildFile; fileRef = 57E2572CE32647769CFF3806 /* SecurityScopedFileAccess.swift */; };
		D04F393DE563433E945000E1 /* UpdateCheckService.swift in Sources */ = {isa = PBXBuildFile; fileRef = 10E1108E66B541A9860200BD /* UpdateCheckService.swift */; };
		B61D7E7030DC429DAFEB31BE /* UpdateURLValidator.swift in Sources */ = {isa = PBXBuildFile; fileRef = CDF1A10BAB36464BAB105B11 /* UpdateURLValidator.swift */; };
		AEC316526002463592FB472B /* MainWindowView.swift in Sources */ = {isa = PBXBuildFile; fileRef = C78B0EE485624AECA1173DCE /* MainWindowView.swift */; };
		CD5001689C9C4956A522C25B /* MainWindowViewModel.swift in Sources */ = {isa = PBXBuildFile; fileRef = D0681C2365AA4630BB904959 /* MainWindowViewModel.swift */; };
		1BEDE6336D1E4F23BCC66E67 /* UpdateCheckViewModel.swift in Sources */ = {isa = PBXBuildFile; fileRef = 1BFF0BA9CA17486C97501F81 /* UpdateCheckViewModel.swift */; };
		834830702D464CD691EB6221 /* StatusBarView.swift in Sources */ = {isa = PBXBuildFile; fileRef = 454CEDC125F441948589CBA2 /* StatusBarView.swift */; };
		5C5CAE6CC75242D59DF4DEFE /* FileDropView.swift in Sources */ = {isa = PBXBuildFile; fileRef = ACF3D2B6FD5B47218817370F /* FileDropView.swift */; };
		00CDEA3C1D8C49FCA8FED9AD /* TranscriptEditorView.swift in Sources */ = {isa = PBXBuildFile; fileRef = 95BE9F37D6634F1E86C6C716 /* TranscriptEditorView.swift */; };
		CDF4DE70D8E149F3AFB59765 /* ExportServiceTests.swift in Sources */ = {isa = PBXBuildFile; fileRef = B7B544761E964C559F35A290 /* ExportServiceTests.swift */; };
		12387B9A3E1C4ED49A48FE87 /* TranscriptModelTests.swift in Sources */ = {isa = PBXBuildFile; fileRef = 2492985200C8426887A00A81 /* TranscriptModelTests.swift */; };
		6AAD4652D4C24D0584BB3AB5 /* TranscriptionSmokeTests.swift in Sources */ = {isa = PBXBuildFile; fileRef = A4515A2D26504BCCA2397FB3 /* TranscriptionSmokeTests.swift */; };
		8B4EB308C3BC4CFEB6C8AF02 /* ModelAvailabilityServiceTests.swift in Sources */ = {isa = PBXBuildFile; fileRef = EE0C5DD1F3554484ADC1919D /* ModelAvailabilityServiceTests.swift */; };
		FE8DF50E3D574396AB6996BE /* TranscriptionProgressDisplayTests.swift in Sources */ = {isa = PBXBuildFile; fileRef = 016EF263918C43D39881385C /* TranscriptionProgressDisplayTests.swift */; };
		F5316820E9FB4F699A135B4E /* ModelDownloadIntegrationTests.swift in Sources */ = {isa = PBXBuildFile; fileRef = D7CA701261054E218B7B1541 /* ModelDownloadIntegrationTests.swift */; };
		6E35F66D3C324EDD92797239 /* ModelAvailabilityPathTests.swift in Sources */ = {isa = PBXBuildFile; fileRef = 6C5EDD94288E42C5A4B181B7 /* ModelAvailabilityPathTests.swift */; };
		CB142A90949049D990519664 /* ModelDownloadServiceTests.swift in Sources */ = {isa = PBXBuildFile; fileRef = D5658030ED784448926C0F41 /* ModelDownloadServiceTests.swift */; };
		6D3A3C09B2654E35AE483A2B /* WhisperKitTranscriberTests.swift in Sources */ = {isa = PBXBuildFile; fileRef = 30F3288B57B04F4DABF0D227 /* WhisperKitTranscriberTests.swift */; };
		56B21998DA7F45CB9F937E3F /* AudioImportServiceTests.swift in Sources */ = {isa = PBXBuildFile; fileRef = 2996C517187B44ABA55894A3 /* AudioImportServiceTests.swift */; };
		2221B4FD3AA54A2299B1F708 /* AudioFileServiceTests.swift in Sources */ = {isa = PBXBuildFile; fileRef = 560A2E36288147D0936DADC0 /* AudioFileServiceTests.swift */; };
		0091A2A01CD9458F867C9C6F /* MainWindowViewModelImportTests.swift in Sources */ = {isa = PBXBuildFile; fileRef = F09CCF54BE754267ABFF17BF /* MainWindowViewModelImportTests.swift */; };
		511FE8BDC43942608AAB98CC /* MainWindowViewModelProgressTests.swift in Sources */ = {isa = PBXBuildFile; fileRef = 7B997950038C44439E03C27A /* MainWindowViewModelProgressTests.swift */; };
		C42FF537F10C4440B086A0B0 /* TranscriptTextSanitizerTests.swift in Sources */ = {isa = PBXBuildFile; fileRef = 2DBF9389050C4FC68214F11E /* TranscriptTextSanitizerTests.swift */; };
		F7613B06178A4840BD9625EC /* TranscriptPartialTextBuilderTests.swift in Sources */ = {isa = PBXBuildFile; fileRef = A963804330BA4AB5A8A2D415 /* TranscriptPartialTextBuilderTests.swift */; };
		27968FBADD934BB3B913B99E /* AudioPlayerServiceTests.swift in Sources */ = {isa = PBXBuildFile; fileRef = F04892145F2B4C3D9CC542FC /* AudioPlayerServiceTests.swift */; };
		B4C90790DD704050B26E4800 /* AppVersionTests.swift in Sources */ = {isa = PBXBuildFile; fileRef = F6B1132052524F24A27CA0A6 /* AppVersionTests.swift */; };
		A9937D8B5D414DF29795537F /* UpdateCheckServiceTests.swift in Sources */ = {isa = PBXBuildFile; fileRef = 8F5476BE011340808320E501 /* UpdateCheckServiceTests.swift */; };
		CD27A6951F1D4557A8CA7DB9 /* ErrorMapperTests.swift in Sources */ = {isa = PBXBuildFile; fileRef = 7DD39238AE34451EB438D912 /* ErrorMapperTests.swift */; };
		D753F3B1975343289FBB54A8 /* UpdateURLValidatorTests.swift in Sources */ = {isa = PBXBuildFile; fileRef = B0086DB6D0B54F7198F910D2 /* UpdateURLValidatorTests.swift */; };
		0D4DBC9728DF4CB7BD159E71 /* AudioFileNameResolverTests.swift in Sources */ = {isa = PBXBuildFile; fileRef = A54A2C0330894CFBB9E79B46 /* AudioFileNameResolverTests.swift */; };
		784A7E6829724979AACF4CFE /* Defaults.plist in Resources */ = {isa = PBXBuildFile; fileRef = 07408F48ED02432C8A1D6615 /* Defaults.plist */; };
		F21379482D2A41E6BCFB4404 /* Assets.xcassets in Resources */ = {isa = PBXBuildFile; fileRef = 28C289B01B2B4B529AD2C2DB /* Assets.xcassets */; };
		D664C92AC3B64E6F830900B4 /* Localizable.xcstrings in Resources */ = {isa = PBXBuildFile; fileRef = 63484B3FBFED4B6680CFBF34 /* Localizable.xcstrings */; };
		DB898636D5CC42859D683CEF /* WhisperKit in Frameworks */ = {isa = PBXBuildFile; productRef = ED7A18B7773647BCA3D14333 /* WhisperKit */; };
		998EADF972714FF1B05D8323 /* Transnote.app */ = {isa = PBXFileReference; explicitFileType = wrapper.application; includeInIndex = 0; path = Transnote.app; sourceTree = BUILT_PRODUCTS_DIR; };
		D1A3CB4ED9DF40C6B9886A53 /* LocalTranscriberTests.xctest */ = {isa = PBXFileReference; explicitFileType = wrapper.cfbundle; includeInIndex = 0; path = LocalTranscriberTests.xctest; sourceTree = BUILT_PRODUCTS_DIR; };
		5EA5EA3FE62F4DA0839664EF /* LocalTranscriberApp.swift */ = {isa = PBXFileReference; lastKnownFileType = sourcecode.swift; path = LocalTranscriberApp.swift; sourceTree = "<group>"; };
		68C7E9CE29AF4344845045D6 /* TranscriptionJob.swift */ = {isa = PBXFileReference; lastKnownFileType = sourcecode.swift; path = TranscriptionJob.swift; sourceTree = "<group>"; };
		2566443FEBD4435DB93AA30A /* Transcript.swift */ = {isa = PBXFileReference; lastKnownFileType = sourcecode.swift; path = Transcript.swift; sourceTree = "<group>"; };
		83B03FDD1BBB44F1BB057862 /* TranscriptSegment.swift */ = {isa = PBXFileReference; lastKnownFileType = sourcecode.swift; path = TranscriptSegment.swift; sourceTree = "<group>"; };
		5D6FC8E612814ACC9243D0C7 /* AppSettings.swift */ = {isa = PBXFileReference; lastKnownFileType = sourcecode.swift; path = AppSettings.swift; sourceTree = "<group>"; };
		A35A14FB821C40E9AA5A75C4 /* ExportFormat.swift */ = {isa = PBXFileReference; lastKnownFileType = sourcecode.swift; path = ExportFormat.swift; sourceTree = "<group>"; };
		4DECB55002114BACA4502AFC /* TranscriptionProgressUpdate.swift */ = {isa = PBXFileReference; lastKnownFileType = sourcecode.swift; path = TranscriptionProgressUpdate.swift; sourceTree = "<group>"; };
		E2A03E1C1A16476C98C1B6EC /* TranscriptionProgressDisplay.swift */ = {isa = PBXFileReference; lastKnownFileType = sourcecode.swift; path = TranscriptionProgressDisplay.swift; sourceTree = "<group>"; };
		F7F7EE96DC9E4FCD8FBD9F7A /* TranscriptTextSanitizer.swift */ = {isa = PBXFileReference; lastKnownFileType = sourcecode.swift; path = TranscriptTextSanitizer.swift; sourceTree = "<group>"; };
		A8CA7D60AB924AFCA876CB96 /* TranscriptPartialTextBuilder.swift */ = {isa = PBXFileReference; lastKnownFileType = sourcecode.swift; path = TranscriptPartialTextBuilder.swift; sourceTree = "<group>"; };
		5AD8B9DFF06C43DD905516A8 /* AppDirectories.swift */ = {isa = PBXFileReference; lastKnownFileType = sourcecode.swift; path = AppDirectories.swift; sourceTree = "<group>"; };
		5C047E5363644CAD9530429C /* Logger.swift */ = {isa = PBXFileReference; lastKnownFileType = sourcecode.swift; path = Logger.swift; sourceTree = "<group>"; };
		FC47BE735EB74B16B8943A77 /* ErrorMapper.swift */ = {isa = PBXFileReference; lastKnownFileType = sourcecode.swift; path = ErrorMapper.swift; sourceTree = "<group>"; };
		0F1391A0C0F64854A4958EAB /* AppVersion.swift */ = {isa = PBXFileReference; lastKnownFileType = sourcecode.swift; path = AppVersion.swift; sourceTree = "<group>"; };
		4C23E3FB1B1143B9B6812E30 /* SupportedAudioTypes.swift */ = {isa = PBXFileReference; lastKnownFileType = sourcecode.swift; path = SupportedAudioTypes.swift; sourceTree = "<group>"; };
		92975CC8A04240238BF14105 /* Transcriber.swift */ = {isa = PBXFileReference; lastKnownFileType = sourcecode.swift; path = Transcriber.swift; sourceTree = "<group>"; };
		27FC7C2E13ED45E094C3A481 /* WhisperKitTranscriber.swift */ = {isa = PBXFileReference; lastKnownFileType = sourcecode.swift; path = WhisperKitTranscriber.swift; sourceTree = "<group>"; };
		20A96D0A68D2404098FFA163 /* ModelAvailabilityService.swift */ = {isa = PBXFileReference; lastKnownFileType = sourcecode.swift; path = ModelAvailabilityService.swift; sourceTree = "<group>"; };
		13D01439E2594A1EA9A5F3BF /* ModelDownloadService.swift */ = {isa = PBXFileReference; lastKnownFileType = sourcecode.swift; path = ModelDownloadService.swift; sourceTree = "<group>"; };
		D87C26BF6FA34794B9A1DE4D /* AudioImportService.swift */ = {isa = PBXFileReference; lastKnownFileType = sourcecode.swift; path = AudioImportService.swift; sourceTree = "<group>"; };
		747A4A9756054802B34EAA1B /* AudioFileService.swift */ = {isa = PBXFileReference; lastKnownFileType = sourcecode.swift; path = AudioFileService.swift; sourceTree = "<group>"; };
		6416643F134C45E5B1528B27 /* DropFileNameResolver.swift */ = {isa = PBXFileReference; lastKnownFileType = sourcecode.swift; path = DropFileNameResolver.swift; sourceTree = "<group>"; };
		AC29A8D429204A3A983F949C /* DropURLParser.swift */ = {isa = PBXFileReference; lastKnownFileType = sourcecode.swift; path = DropURLParser.swift; sourceTree = "<group>"; };
		83B38E9197B54375B0EA7483 /* DropImportService.swift */ = {isa = PBXFileReference; lastKnownFileType = sourcecode.swift; path = DropImportService.swift; sourceTree = "<group>"; };
		68829A8D70C54700AF61A01C /* AudioFileNameResolver.swift */ = {isa = PBXFileReference; lastKnownFileType = sourcecode.swift; path = AudioFileNameResolver.swift; sourceTree = "<group>"; };
		BF735E545BF5497C934B33BB /* ExportService.swift */ = {isa = PBXFileReference; lastKnownFileType = sourcecode.swift; path = ExportService.swift; sourceTree = "<group>"; };
		C80EF197B9BD4120AF14FFD1 /* AudioPlayerService.swift */ = {isa = PBXFileReference; lastKnownFileType = sourcecode.swift; path = AudioPlayerService.swift; sourceTree = "<group>"; };
		57E2572CE32647769CFF3806 /* SecurityScopedFileAccess.swift */ = {isa = PBXFileReference; lastKnownFileType = sourcecode.swift; path = SecurityScopedFileAccess.swift; sourceTree = "<group>"; };
		10E1108E66B541A9860200BD /* UpdateCheckService.swift */ = {isa = PBXFileReference; lastKnownFileType = sourcecode.swift; path = UpdateCheckService.swift; sourceTree = "<group>"; };
		CDF1A10BAB36464BAB105B11 /* UpdateURLValidator.swift */ = {isa = PBXFileReference; lastKnownFileType = sourcecode.swift; path = UpdateURLValidator.swift; sourceTree = "<group>"; };
		C78B0EE485624AECA1173DCE /* MainWindowView.swift */ = {isa = PBXFileReference; lastKnownFileType = sourcecode.swift; path = MainWindowView.swift; sourceTree = "<group>"; };
		D0681C2365AA4630BB904959 /* MainWindowViewModel.swift */ = {isa = PBXFileReference; lastKnownFileType = sourcecode.swift; path = MainWindowViewModel.swift; sourceTree = "<group>"; };
		1BFF0BA9CA17486C97501F81 /* UpdateCheckViewModel.swift */ = {isa = PBXFileReference; lastKnownFileType = sourcecode.swift; path = UpdateCheckViewModel.swift; sourceTree = "<group>"; };
		454CEDC125F441948589CBA2 /* StatusBarView.swift */ = {isa = PBXFileReference; lastKnownFileType = sourcecode.swift; path = StatusBarView.swift; sourceTree = "<group>"; };
		ACF3D2B6FD5B47218817370F /* FileDropView.swift */ = {isa = PBXFileReference; lastKnownFileType = sourcecode.swift; path = FileDropView.swift; sourceTree = "<group>"; };
		95BE9F37D6634F1E86C6C716 /* TranscriptEditorView.swift */ = {isa = PBXFileReference; lastKnownFileType = sourcecode.swift; path = TranscriptEditorView.swift; sourceTree = "<group>"; };
		B7B544761E964C559F35A290 /* ExportServiceTests.swift */ = {isa = PBXFileReference; lastKnownFileType = sourcecode.swift; path = ExportServiceTests.swift; sourceTree = "<group>"; };
		2492985200C8426887A00A81 /* TranscriptModelTests.swift */ = {isa = PBXFileReference; lastKnownFileType = sourcecode.swift; path = TranscriptModelTests.swift; sourceTree = "<group>"; };
		A4515A2D26504BCCA2397FB3 /* TranscriptionSmokeTests.swift */ = {isa = PBXFileReference; lastKnownFileType = sourcecode.swift; path = TranscriptionSmokeTests.swift; sourceTree = "<group>"; };
		EE0C5DD1F3554484ADC1919D /* ModelAvailabilityServiceTests.swift */ = {isa = PBXFileReference; lastKnownFileType = sourcecode.swift; path = ModelAvailabilityServiceTests.swift; sourceTree = "<group>"; };
		016EF263918C43D39881385C /* TranscriptionProgressDisplayTests.swift */ = {isa = PBXFileReference; lastKnownFileType = sourcecode.swift; path = TranscriptionProgressDisplayTests.swift; sourceTree = "<group>"; };
		D7CA701261054E218B7B1541 /* ModelDownloadIntegrationTests.swift */ = {isa = PBXFileReference; lastKnownFileType = sourcecode.swift; path = ModelDownloadIntegrationTests.swift; sourceTree = "<group>"; };
		6C5EDD94288E42C5A4B181B7 /* ModelAvailabilityPathTests.swift */ = {isa = PBXFileReference; lastKnownFileType = sourcecode.swift; path = ModelAvailabilityPathTests.swift; sourceTree = "<group>"; };
		D5658030ED784448926C0F41 /* ModelDownloadServiceTests.swift */ = {isa = PBXFileReference; lastKnownFileType = sourcecode.swift; path = ModelDownloadServiceTests.swift; sourceTree = "<group>"; };
		30F3288B57B04F4DABF0D227 /* WhisperKitTranscriberTests.swift */ = {isa = PBXFileReference; lastKnownFileType = sourcecode.swift; path = WhisperKitTranscriberTests.swift; sourceTree = "<group>"; };
		2996C517187B44ABA55894A3 /* AudioImportServiceTests.swift */ = {isa = PBXFileReference; lastKnownFileType = sourcecode.swift; path = AudioImportServiceTests.swift; sourceTree = "<group>"; };
		560A2E36288147D0936DADC0 /* AudioFileServiceTests.swift */ = {isa = PBXFileReference; lastKnownFileType = sourcecode.swift; path = AudioFileServiceTests.swift; sourceTree = "<group>"; };
		F09CCF54BE754267ABFF17BF /* MainWindowViewModelImportTests.swift */ = {isa = PBXFileReference; lastKnownFileType = sourcecode.swift; path = MainWindowViewModelImportTests.swift; sourceTree = "<group>"; };
		7B997950038C44439E03C27A /* MainWindowViewModelProgressTests.swift */ = {isa = PBXFileReference; lastKnownFileType = sourcecode.swift; path = MainWindowViewModelProgressTests.swift; sourceTree = "<group>"; };
		2DBF9389050C4FC68214F11E /* TranscriptTextSanitizerTests.swift */ = {isa = PBXFileReference; lastKnownFileType = sourcecode.swift; path = TranscriptTextSanitizerTests.swift; sourceTree = "<group>"; };
		A963804330BA4AB5A8A2D415 /* TranscriptPartialTextBuilderTests.swift */ = {isa = PBXFileReference; lastKnownFileType = sourcecode.swift; path = TranscriptPartialTextBuilderTests.swift; sourceTree = "<group>"; };
		F04892145F2B4C3D9CC542FC /* AudioPlayerServiceTests.swift */ = {isa = PBXFileReference; lastKnownFileType = sourcecode.swift; path = AudioPlayerServiceTests.swift; sourceTree = "<group>"; };
		F6B1132052524F24A27CA0A6 /* AppVersionTests.swift */ = {isa = PBXFileReference; lastKnownFileType = sourcecode.swift; path = AppVersionTests.swift; sourceTree = "<group>"; };
		8F5476BE011340808320E501 /* UpdateCheckServiceTests.swift */ = {isa = PBXFileReference; lastKnownFileType = sourcecode.swift; path = UpdateCheckServiceTests.swift; sourceTree = "<group>"; };
		7DD39238AE34451EB438D912 /* ErrorMapperTests.swift */ = {isa = PBXFileReference; lastKnownFileType = sourcecode.swift; path = ErrorMapperTests.swift; sourceTree = "<group>"; };
		B0086DB6D0B54F7198F910D2 /* UpdateURLValidatorTests.swift */ = {isa = PBXFileReference; lastKnownFileType = sourcecode.swift; path = UpdateURLValidatorTests.swift; sourceTree = "<group>"; };
		A54A2C0330894CFBB9E79B46 /* AudioFileNameResolverTests.swift */ = {isa = PBXFileReference; lastKnownFileType = sourcecode.swift; path = AudioFileNameResolverTests.swift; sourceTree = "<group>"; };
		07408F48ED02432C8A1D6615 /* Defaults.plist */ = {isa = PBXFileReference; lastKnownFileType = text.plist.xml; path = Defaults.plist; sourceTree = "<group>"; };
		28C289B01B2B4B529AD2C2DB /* Assets.xcassets */ = {isa = PBXFileReference; lastKnownFileType = folder.assetcatalog; path = Assets.xcassets; sourceTree = "<group>"; };
		63484B3FBFED4B6680CFBF34 /* Localizable.xcstrings */ = {isa = PBXFileReference; lastKnownFileType = text.json.xcstrings; path = Localizable.xcstrings; sourceTree = "<group>"; };
		ED68C872786F4A46BA0CEFF1 /* LocalTranscriber.entitlements */ = {isa = PBXFileReference; lastKnownFileType = text.plist.entitlements; path = LocalTranscriber.entitlements; sourceTree = "<group>"; };
		3F82479E18E6451EB5F8BD7D /* Info.plist */ = {isa = PBXFileReference; lastKnownFileType = text.plist.xml; path = Info.plist; sourceTree = "<group>"; };
		DE13DF00DD804329B4FA906E /* Frameworks */ = {
			isa = PBXFrameworksBuildPhase;
			buildActionMask = 2147483647;
			files = (
				DB898636D5CC42859D683CEF /* WhisperKit in Frameworks */,
			);
			runOnlyForDeploymentPostprocessing = 0;
		};
		66AD42728F3F4F8DAE283EFF /* Frameworks */ = {
			isa = PBXFrameworksBuildPhase;
			buildActionMask = 2147483647;
			files = ();
			runOnlyForDeploymentPostprocessing = 0;
		};
		FF5D304656C24A6D98F40D02 /* Domain */ = {
			isa = PBXGroup;
			children = (
				68C7E9CE29AF4344845045D6 /* TranscriptionJob.swift */,
				2566443FEBD4435DB93AA30A /* Transcript.swift */,
				83B03FDD1BBB44F1BB057862 /* TranscriptSegment.swift */,
				5D6FC8E612814ACC9243D0C7 /* AppSettings.swift */,
				A35A14FB821C40E9AA5A75C4 /* ExportFormat.swift */,
				4DECB55002114BACA4502AFC /* TranscriptionProgressUpdate.swift */,
				E2A03E1C1A16476C98C1B6EC /* TranscriptionProgressDisplay.swift */,
				F7F7EE96DC9E4FCD8FBD9F7A /* TranscriptTextSanitizer.swift */,
				A8CA7D60AB924AFCA876CB96 /* TranscriptPartialTextBuilder.swift */,
			);
			path = Domain;
			sourceTree = "<group>";
		};
		325D5345E0E64C4EBD7B1514 /* Infrastructure */ = {
			isa = PBXGroup;
			children = (
				5AD8B9DFF06C43DD905516A8 /* AppDirectories.swift */,
				5C047E5363644CAD9530429C /* Logger.swift */,
				FC47BE735EB74B16B8943A77 /* ErrorMapper.swift */,
				0F1391A0C0F64854A4958EAB /* AppVersion.swift */,
				4C23E3FB1B1143B9B6812E30 /* SupportedAudioTypes.swift */,
			);
			path = Infrastructure;
			sourceTree = "<group>";
		};
		76697C4E8D8C479AAED11014 /* Services */ = {
			isa = PBXGroup;
			children = (
				92975CC8A04240238BF14105 /* Transcriber.swift */,
				27FC7C2E13ED45E094C3A481 /* WhisperKitTranscriber.swift */,
				20A96D0A68D2404098FFA163 /* ModelAvailabilityService.swift */,
				13D01439E2594A1EA9A5F3BF /* ModelDownloadService.swift */,
				D87C26BF6FA34794B9A1DE4D /* AudioImportService.swift */,
				747A4A9756054802B34EAA1B /* AudioFileService.swift */,
				6416643F134C45E5B1528B27 /* DropFileNameResolver.swift */,
				AC29A8D429204A3A983F949C /* DropURLParser.swift */,
				83B38E9197B54375B0EA7483 /* DropImportService.swift */,
				68829A8D70C54700AF61A01C /* AudioFileNameResolver.swift */,
				BF735E545BF5497C934B33BB /* ExportService.swift */,
				C80EF197B9BD4120AF14FFD1 /* AudioPlayerService.swift */,
				57E2572CE32647769CFF3806 /* SecurityScopedFileAccess.swift */,
				10E1108E66B541A9860200BD /* UpdateCheckService.swift */,
				CDF1A10BAB36464BAB105B11 /* UpdateURLValidator.swift */,
			);
			path = Services;
			sourceTree = "<group>";
		};
		8F789679442D43B5912511DD /* Presentation */ = {
			isa = PBXGroup;
			children = (
				C78B0EE485624AECA1173DCE /* MainWindowView.swift */,
				D0681C2365AA4630BB904959 /* MainWindowViewModel.swift */,
				1BFF0BA9CA17486C97501F81 /* UpdateCheckViewModel.swift */,
				454CEDC125F441948589CBA2 /* StatusBarView.swift */,
				ACF3D2B6FD5B47218817370F /* FileDropView.swift */,
				95BE9F37D6634F1E86C6C716 /* TranscriptEditorView.swift */,
			);
			path = Presentation;
			sourceTree = "<group>";
		};
		A4C4839FDF5E48A582A80933 /* LocalTranscriber */ = {
			isa = PBXGroup;
			children = (
				5EA5EA3FE62F4DA0839664EF /* LocalTranscriberApp.swift */,
				FF5D304656C24A6D98F40D02 /* Domain */,
				325D5345E0E64C4EBD7B1514 /* Infrastructure */,
				76697C4E8D8C479AAED11014 /* Services */,
				8F789679442D43B5912511DD /* Presentation */,
				28C289B01B2B4B529AD2C2DB /* Assets.xcassets */,
				63484B3FBFED4B6680CFBF34 /* Localizable.xcstrings */,
				3F82479E18E6451EB5F8BD7D /* Info.plist */,
				ED68C872786F4A46BA0CEFF1 /* LocalTranscriber.entitlements */,
			);
			path = LocalTranscriber;
			sourceTree = "<group>";
		};
		91353B0E08BD46B2BDBE70D2 /* LocalTranscriberTests */ = {
			isa = PBXGroup;
			children = (
				B7B544761E964C559F35A290 /* ExportServiceTests.swift */,
				2492985200C8426887A00A81 /* TranscriptModelTests.swift */,
				A4515A2D26504BCCA2397FB3 /* TranscriptionSmokeTests.swift */,
				EE0C5DD1F3554484ADC1919D /* ModelAvailabilityServiceTests.swift */,
				016EF263918C43D39881385C /* TranscriptionProgressDisplayTests.swift */,
				D7CA701261054E218B7B1541 /* ModelDownloadIntegrationTests.swift */,
				6C5EDD94288E42C5A4B181B7 /* ModelAvailabilityPathTests.swift */,
				D5658030ED784448926C0F41 /* ModelDownloadServiceTests.swift */,
				30F3288B57B04F4DABF0D227 /* WhisperKitTranscriberTests.swift */,
				2996C517187B44ABA55894A3 /* AudioImportServiceTests.swift */,
				560A2E36288147D0936DADC0 /* AudioFileServiceTests.swift */,
				F09CCF54BE754267ABFF17BF /* MainWindowViewModelImportTests.swift */,
				7B997950038C44439E03C27A /* MainWindowViewModelProgressTests.swift */,
				2DBF9389050C4FC68214F11E /* TranscriptTextSanitizerTests.swift */,
				A963804330BA4AB5A8A2D415 /* TranscriptPartialTextBuilderTests.swift */,
				F04892145F2B4C3D9CC542FC /* AudioPlayerServiceTests.swift */,
				F6B1132052524F24A27CA0A6 /* AppVersionTests.swift */,
				8F5476BE011340808320E501 /* UpdateCheckServiceTests.swift */,
				7DD39238AE34451EB438D912 /* ErrorMapperTests.swift */,
				B0086DB6D0B54F7198F910D2 /* UpdateURLValidatorTests.swift */,
				A54A2C0330894CFBB9E79B46 /* AudioFileNameResolverTests.swift */,
			);
			path = LocalTranscriberTests;
			sourceTree = "<group>";
		};
		E71C250BFED241AEBC2234F8 /* Config */ = {
			isa = PBXGroup;
			children = (
				07408F48ED02432C8A1D6615 /* Defaults.plist */,
			);
			path = Config;
			sourceTree = "<group>";
		};
		682AEAF076834C4892FD6C5F /* Products */ = {
			isa = PBXGroup;
			children = (
				998EADF972714FF1B05D8323 /* Transnote.app */,
				D1A3CB4ED9DF40C6B9886A53 /* LocalTranscriberTests.xctest */,
			);
			sourceTree = "<group>";
		};
		68641A5F843D458E8AB5CB7D /* Main */ = {
			isa = PBXGroup;
			children = (
				A4C4839FDF5E48A582A80933 /* LocalTranscriber */,
				91353B0E08BD46B2BDBE70D2 /* LocalTranscriberTests */,
				E71C250BFED241AEBC2234F8 /* Config */,
				682AEAF076834C4892FD6C5F /* Products */,
			);
			sourceTree = "<group>";
		};
		5D03B241268C452D98BCF442 /* PBXContainerItemProxy */ = {
			isa = PBXContainerItemProxy;
			containerPortal = EAD6AC695790474F8E5D055B /* Project object */;
			proxyType = 1;
			remoteGlobalIDString = 36562889F6004154A3C0B700;
			remoteInfo = LocalTranscriber;
		};
		2C64B3AE497D406FB26FE893 /* PBXTargetDependency */ = {
			isa = PBXTargetDependency;
			target = 36562889F6004154A3C0B700 /* LocalTranscriber */;
			targetProxy = 5D03B241268C452D98BCF442 /* PBXContainerItemProxy */;
		};
		36562889F6004154A3C0B700 /* LocalTranscriber */ = {
			isa = PBXNativeTarget;
			buildConfigurationList = 55B29FF4249942C4AC3D368E /* Build configuration list for PBXNativeTarget "LocalTranscriber" */;
			buildPhases = (
				DD69644DB0FF48D59FBF66CA /* Sources */,
				DE13DF00DD804329B4FA906E /* Frameworks */,
				6352A11199544F9AB6F317B2 /* Resources */,
			);
			buildRules = ();
			dependencies = ();
			name = LocalTranscriber;
			packageProductDependencies = (
				ED7A18B7773647BCA3D14333 /* WhisperKit */,
			);
			productName = LocalTranscriber;
			productReference = 998EADF972714FF1B05D8323 /* Transnote.app */;
			productType = "com.apple.product-type.application";
		};
		B0AF18EED5384910A5F044D6 /* LocalTranscriberTests */ = {
			isa = PBXNativeTarget;
			buildConfigurationList = EAA3AE15A63A485C841C5CC5 /* Build configuration list for PBXNativeTarget "LocalTranscriberTests" */;
			buildPhases = (
				AB196EFC204D45D4BDE4B16D /* Sources */,
				66AD42728F3F4F8DAE283EFF /* Frameworks */,
			);
			buildRules = ();
			dependencies = (
				2C64B3AE497D406FB26FE893 /* PBXTargetDependency */,
			);
			name = LocalTranscriberTests;
			productName = LocalTranscriberTests;
			productReference = D1A3CB4ED9DF40C6B9886A53 /* LocalTranscriberTests.xctest */;
			productType = "com.apple.product-type.bundle.unit-test";
		};
		EAD6AC695790474F8E5D055B /* Project object */ = {
			isa = PBXProject;
			attributes = {
				BuildIndependentTargetsInParallel = 1;
				LastSwiftUpdateCheck = 1600;
				LastUpgradeCheck = 1600;
				TargetAttributes = {
					36562889F6004154A3C0B700 = {
						CreatedOnToolsVersion = 16.0;
					};
					B0AF18EED5384910A5F044D6 = {
						CreatedOnToolsVersion = 16.0;
						TestTargetID = 36562889F6004154A3C0B700;
					};
				};
			};
			buildConfigurationList = E7F9F332BB3A418DB5A9E677 /* Build configuration list for PBXProject "LocalTranscriber" */;
			compatibilityVersion = "Xcode 14.0";
			developmentRegion = ja;
			hasScannedForEncodings = 0;
			knownRegions = (en, ja, Base);
			mainGroup = 68641A5F843D458E8AB5CB7D;
			packageReferences = (
				6C0BDE8F993A45369F70374A /* XCRemoteSwiftPackageReference argmax-oss-swift */,
			);
			productRefGroup = 682AEAF076834C4892FD6C5F /* Products */;
			projectDirPath = "";
			projectRoot = "";
			targets = (
				36562889F6004154A3C0B700 /* LocalTranscriber */,
				B0AF18EED5384910A5F044D6 /* LocalTranscriberTests */,
			);
		};
		DD69644DB0FF48D59FBF66CA /* Sources */ = {
			isa = PBXSourcesBuildPhase;
			buildActionMask = 2147483647;
			files = (
				107E0B0998EA4AF688352F9C /* LocalTranscriberApp.swift in Sources */,
				6B686D1F17254576BD30C2A6 /* TranscriptionJob.swift in Sources */,
				99EFA0C625EE4D1DB1D4865D /* Transcript.swift in Sources */,
				AF2F98C5A4DE472989138983 /* TranscriptSegment.swift in Sources */,
				2E3B6654E032497895EF5E1C /* AppSettings.swift in Sources */,
				60A3C7631C1E4781A6D81035 /* ExportFormat.swift in Sources */,
				0EECFFFF8AA14F13BDE0813F /* TranscriptionProgressUpdate.swift in Sources */,
				B72C7B31B1C147D6AC6D907E /* TranscriptionProgressDisplay.swift in Sources */,
				CEC4C31BFBE046F89361295F /* TranscriptTextSanitizer.swift in Sources */,
				894A5355719B45829A850036 /* TranscriptPartialTextBuilder.swift in Sources */,
				61B40D1D5CCE4043A4CAF6CF /* AppDirectories.swift in Sources */,
				EAAE380925914AD88DEBD20F /* Logger.swift in Sources */,
				306C2712E4F649BAB35EEB6B /* ErrorMapper.swift in Sources */,
				A9E631555CB24F09A8A58D06 /* AppVersion.swift in Sources */,
				DB08BEAC4E2C46528FB019AF /* SupportedAudioTypes.swift in Sources */,
				5F3896300E874B9FA42D69D7 /* Transcriber.swift in Sources */,
				61CEFBD382E244DB9934ECD0 /* WhisperKitTranscriber.swift in Sources */,
				4BADF0835F7C4E50AFEBC6E1 /* ModelAvailabilityService.swift in Sources */,
				A6A3CD4F30B64C61B91EC40E /* ModelDownloadService.swift in Sources */,
				098B596DB97E460EB8A0581E /* AudioImportService.swift in Sources */,
				3715C91F28A1492DBE4AEB70 /* AudioFileService.swift in Sources */,
				DEA11BAAC5504B9F87BB1CC0 /* DropFileNameResolver.swift in Sources */,
				5314966F04C342E995AA768F /* DropURLParser.swift in Sources */,
				54C2280D805541218A1AA49F /* DropImportService.swift in Sources */,
				37B894AE810D451EBF88664E /* AudioFileNameResolver.swift in Sources */,
				7D6C6D36C551482D97093ADF /* ExportService.swift in Sources */,
				6F513474DF494EE180EAB8B4 /* AudioPlayerService.swift in Sources */,
				08166A0EF3854687BC85C894 /* SecurityScopedFileAccess.swift in Sources */,
				D04F393DE563433E945000E1 /* UpdateCheckService.swift in Sources */,
				B61D7E7030DC429DAFEB31BE /* UpdateURLValidator.swift in Sources */,
				AEC316526002463592FB472B /* MainWindowView.swift in Sources */,
				CD5001689C9C4956A522C25B /* MainWindowViewModel.swift in Sources */,
				1BEDE6336D1E4F23BCC66E67 /* UpdateCheckViewModel.swift in Sources */,
				834830702D464CD691EB6221 /* StatusBarView.swift in Sources */,
				5C5CAE6CC75242D59DF4DEFE /* FileDropView.swift in Sources */,
				00CDEA3C1D8C49FCA8FED9AD /* TranscriptEditorView.swift in Sources */,
			);
			runOnlyForDeploymentPostprocessing = 0;
		};
		AB196EFC204D45D4BDE4B16D /* Sources */ = {
			isa = PBXSourcesBuildPhase;
			buildActionMask = 2147483647;
			files = (
				CDF4DE70D8E149F3AFB59765 /* ExportServiceTests.swift in Sources */,
				12387B9A3E1C4ED49A48FE87 /* TranscriptModelTests.swift in Sources */,
				6AAD4652D4C24D0584BB3AB5 /* TranscriptionSmokeTests.swift in Sources */,
				8B4EB308C3BC4CFEB6C8AF02 /* ModelAvailabilityServiceTests.swift in Sources */,
				FE8DF50E3D574396AB6996BE /* TranscriptionProgressDisplayTests.swift in Sources */,
				F5316820E9FB4F699A135B4E /* ModelDownloadIntegrationTests.swift in Sources */,
				6E35F66D3C324EDD92797239 /* ModelAvailabilityPathTests.swift in Sources */,
				CB142A90949049D990519664 /* ModelDownloadServiceTests.swift in Sources */,
				6D3A3C09B2654E35AE483A2B /* WhisperKitTranscriberTests.swift in Sources */,
				56B21998DA7F45CB9F937E3F /* AudioImportServiceTests.swift in Sources */,
				2221B4FD3AA54A2299B1F708 /* AudioFileServiceTests.swift in Sources */,
				0091A2A01CD9458F867C9C6F /* MainWindowViewModelImportTests.swift in Sources */,
				511FE8BDC43942608AAB98CC /* MainWindowViewModelProgressTests.swift in Sources */,
				C42FF537F10C4440B086A0B0 /* TranscriptTextSanitizerTests.swift in Sources */,
				F7613B06178A4840BD9625EC /* TranscriptPartialTextBuilderTests.swift in Sources */,
				27968FBADD934BB3B913B99E /* AudioPlayerServiceTests.swift in Sources */,
				B4C90790DD704050B26E4800 /* AppVersionTests.swift in Sources */,
				A9937D8B5D414DF29795537F /* UpdateCheckServiceTests.swift in Sources */,
				CD27A6951F1D4557A8CA7DB9 /* ErrorMapperTests.swift in Sources */,
				D753F3B1975343289FBB54A8 /* UpdateURLValidatorTests.swift in Sources */,
				0D4DBC9728DF4CB7BD159E71 /* AudioFileNameResolverTests.swift in Sources */,
			);
			runOnlyForDeploymentPostprocessing = 0;
		};
		6352A11199544F9AB6F317B2 /* Resources */ = {
			isa = PBXResourcesBuildPhase;
			buildActionMask = 2147483647;
			files = (
				784A7E6829724979AACF4CFE /* Defaults.plist in Resources */,
				F21379482D2A41E6BCFB4404 /* Assets.xcassets in Resources */,
				D664C92AC3B64E6F830900B4 /* Localizable.xcstrings in Resources */,
			);
			runOnlyForDeploymentPostprocessing = 0;
		};
		24452F5C4DEE42759C69C8A9 /* Debug */ = {
			isa = XCBuildConfiguration;
			buildSettings = {
				ALWAYS_SEARCH_USER_PATHS = NO;
				CLANG_ENABLE_MODULES = YES;
				CLANG_ENABLE_OBJC_ARC = YES;
				COPY_PHASE_STRIP = NO;
				DEBUG_INFORMATION_FORMAT = dwarf;
				ENABLE_STRICT_OBJC_MSGSEND = YES;
				GCC_C_LANGUAGE_STANDARD = gnu17;
				MACOSX_DEPLOYMENT_TARGET = 14.0;
				ONLY_ACTIVE_ARCH = YES;
				SDKROOT = macosx;
				SWIFT_ACTIVE_COMPILATION_CONDITIONS = "DEBUG $(inherited)";
				SWIFT_OPTIMIZATION_LEVEL = "-Onone";
				GCC_DYNAMIC_NO_PIC = NO;
				GCC_OPTIMIZATION_LEVEL = 0;
			};
			name = Debug;
		};
		31A8D7F2025E442B8BAFB882 /* Release */ = {
			isa = XCBuildConfiguration;
			buildSettings = {
				ALWAYS_SEARCH_USER_PATHS = NO;
				CLANG_ENABLE_MODULES = YES;
				CLANG_ENABLE_OBJC_ARC = YES;
				COPY_PHASE_STRIP = YES;
				DEBUG_INFORMATION_FORMAT = "dwarf-with-dsym";
				ENABLE_NS_ASSERTIONS = NO;
				ENABLE_STRICT_OBJC_MSGSEND = YES;
				GCC_C_LANGUAGE_STANDARD = gnu17;
				MACOSX_DEPLOYMENT_TARGET = 14.0;
				ONLY_ACTIVE_ARCH = NO;
				SDKROOT = macosx;
				SWIFT_ACTIVE_COMPILATION_CONDITIONS = "$(inherited)";
				SWIFT_OPTIMIZATION_LEVEL = "-O";
				SWIFT_COMPILATION_MODE = wholemodule;
				VALIDATE_PRODUCT = YES;
			};
			name = Release;
		};
		981B6674CC064DF9B5A53C54 /* Debug */ = {
			isa = XCBuildConfiguration;
			buildSettings = {
				ASSETCATALOG_COMPILER_APPICON_NAME = AppIcon;
				CODE_SIGN_ENTITLEMENTS = LocalTranscriber/LocalTranscriber.entitlements;
				CODE_SIGN_STYLE = Automatic;
				COMBINE_HIDPI_IMAGES = YES;
				CURRENT_PROJECT_VERSION = 1;
				DEVELOPMENT_TEAM = "";
				ENABLE_HARDENED_RUNTIME = YES;
				ENABLE_TESTABILITY = YES;
				GENERATE_INFOPLIST_FILE = NO;
				INFOPLIST_FILE = LocalTranscriber/Info.plist;
				LD_RUNPATH_SEARCH_PATHS = (
					"$(inherited)",
					"@executable_path/../Frameworks",
				);
				MACOSX_DEPLOYMENT_TARGET = 14.0;
				MARKETING_VERSION = 0.1.5;
				PRODUCT_BUNDLE_IDENTIFIER = com.transnote.LocalTranscriber;
				PRODUCT_MODULE_NAME = LocalTranscriber;
				PRODUCT_NAME = Transnote;
				SWIFT_EMIT_LOC_STRINGS = YES;
				SWIFT_VERSION = 5.0;
			};
			name = Debug;
		};
		80277FFE274E4EF2946446B6 /* Release */ = {
			isa = XCBuildConfiguration;
			buildSettings = {
				ASSETCATALOG_COMPILER_APPICON_NAME = AppIcon;
				CODE_SIGN_ENTITLEMENTS = LocalTranscriber/LocalTranscriber.entitlements;
				CODE_SIGN_STYLE = Automatic;
				COMBINE_HIDPI_IMAGES = YES;
				CURRENT_PROJECT_VERSION = 1;
				DEVELOPMENT_TEAM = "";
				ENABLE_HARDENED_RUNTIME = YES;
				GENERATE_INFOPLIST_FILE = NO;
				INFOPLIST_FILE = LocalTranscriber/Info.plist;
				LD_RUNPATH_SEARCH_PATHS = (
					"$(inherited)",
					"@executable_path/../Frameworks",
				);
				MACOSX_DEPLOYMENT_TARGET = 14.0;
				MARKETING_VERSION = 0.1.5;
				PRODUCT_BUNDLE_IDENTIFIER = com.transnote.LocalTranscriber;
				PRODUCT_MODULE_NAME = LocalTranscriber;
				PRODUCT_NAME = Transnote;
				SWIFT_EMIT_LOC_STRINGS = YES;
				SWIFT_VERSION = 5.0;
			};
			name = Release;
		};
		12E4E14B598342EEB943723A /* Debug */ = {
			isa = XCBuildConfiguration;
			buildSettings = {
				BUNDLE_LOADER = "$(TEST_HOST)";
				CODE_SIGN_STYLE = Automatic;
				CURRENT_PROJECT_VERSION = 1;
				DEVELOPMENT_TEAM = "";
				GENERATE_INFOPLIST_FILE = YES;
				MACOSX_DEPLOYMENT_TARGET = 14.0;
				MARKETING_VERSION = 0.1.5;
				PRODUCT_BUNDLE_IDENTIFIER = com.transnote.LocalTranscriberTests;
				PRODUCT_NAME = "$(TARGET_NAME)";
				SWIFT_EMIT_LOC_STRINGS = NO;
				SWIFT_VERSION = 5.0;
				TEST_HOST = "$(BUILT_PRODUCTS_DIR)/Transnote.app/$(BUNDLE_EXECUTABLE_FOLDER_PATH)/Transnote";
			};
			name = Debug;
		};
		527EA312DF6847D291449CC8 /* Release */ = {
			isa = XCBuildConfiguration;
			buildSettings = {
				BUNDLE_LOADER = "$(TEST_HOST)";
				CODE_SIGN_STYLE = Automatic;
				CURRENT_PROJECT_VERSION = 1;
				DEVELOPMENT_TEAM = "";
				GENERATE_INFOPLIST_FILE = YES;
				MACOSX_DEPLOYMENT_TARGET = 14.0;
				MARKETING_VERSION = 0.1.5;
				PRODUCT_BUNDLE_IDENTIFIER = com.transnote.LocalTranscriberTests;
				PRODUCT_NAME = "$(TARGET_NAME)";
				SWIFT_EMIT_LOC_STRINGS = NO;
				SWIFT_VERSION = 5.0;
				TEST_HOST = "$(BUILT_PRODUCTS_DIR)/Transnote.app/$(BUNDLE_EXECUTABLE_FOLDER_PATH)/Transnote";
			};
			name = Release;
		};
		E7F9F332BB3A418DB5A9E677 /* Build configuration list for PBXProject "LocalTranscriber" */ = {
			isa = XCConfigurationList;
			buildConfigurations = (
				24452F5C4DEE42759C69C8A9 /* Debug */,
				31A8D7F2025E442B8BAFB882 /* Release */,
			);
			defaultConfigurationIsVisible = 0;
			defaultConfigurationName = Release;
		};
		55B29FF4249942C4AC3D368E /* Build configuration list for PBXNativeTarget "LocalTranscriber" */ = {
			isa = XCConfigurationList;
			buildConfigurations = (
				981B6674CC064DF9B5A53C54 /* Debug */,
				80277FFE274E4EF2946446B6 /* Release */,
			);
			defaultConfigurationIsVisible = 0;
			defaultConfigurationName = Release;
		};
		EAA3AE15A63A485C841C5CC5 /* Build configuration list for PBXNativeTarget "LocalTranscriberTests" */ = {
			isa = XCConfigurationList;
			buildConfigurations = (
				12E4E14B598342EEB943723A /* Debug */,
				527EA312DF6847D291449CC8 /* Release */,
			);
			defaultConfigurationIsVisible = 0;
			defaultConfigurationName = Release;
		};
		6C0BDE8F993A45369F70374A /* XCRemoteSwiftPackageReference argmax-oss-swift */ = {
			isa = XCRemoteSwiftPackageReference;
			repositoryURL = "https://github.com/argmaxinc/argmax-oss-swift";
			requirement = {
				kind = upToNextMajorVersion;
				minimumVersion = 0.9.0;
			};
		};
		ED7A18B7773647BCA3D14333 /* WhisperKit */ = {
			isa = XCSwiftPackageProductDependency;
			package = 6C0BDE8F993A45369F70374A /* XCRemoteSwiftPackageReference argmax-oss-swift */;
			productName = WhisperKit;
		};
	};
	rootObject = EAD6AC695790474F8E5D055B /* Project object */;
}
