// !$*UTF8*$!
{
	archiveVersion = 1;
	classes = {};
	objectVersion = 56;
	objects = {
		BE94F25AE2FC4ECF95D9043F /* LocalTranscriberApp.swift in Sources */ = {isa = PBXBuildFile; fileRef = C4BDCBE5ADBC40149CE07005 /* LocalTranscriberApp.swift */; };
		939FD8C3F4CA4E6AA1FE0496 /* TranscriptionJob.swift in Sources */ = {isa = PBXBuildFile; fileRef = 4646F9463FD841E0A24086B6 /* TranscriptionJob.swift */; };
		9B2ECEABDA37445494D458CC /* Transcript.swift in Sources */ = {isa = PBXBuildFile; fileRef = FB7C62226B8F49BDB5C4FAE0 /* Transcript.swift */; };
		FAAEC26B6AD54243B2A97827 /* TranscriptSegment.swift in Sources */ = {isa = PBXBuildFile; fileRef = 47B99E003B254D16AE2FDE45 /* TranscriptSegment.swift */; };
		7B4ABE22F30B45E2A2EB0327 /* AppSettings.swift in Sources */ = {isa = PBXBuildFile; fileRef = 505051D167B54FC6BC2FA9BB /* AppSettings.swift */; };
		3DE156BD35DC4B9E89744532 /* ExportFormat.swift in Sources */ = {isa = PBXBuildFile; fileRef = BDD23005F06442A7AE808C21 /* ExportFormat.swift */; };
		C816F7E14FBF47BEAF4C9112 /* TranscriptionProgressUpdate.swift in Sources */ = {isa = PBXBuildFile; fileRef = A7485E4870D848C580FCB4CF /* TranscriptionProgressUpdate.swift */; };
		E74F80FD9234428B985067B3 /* TranscriptionProgressDisplay.swift in Sources */ = {isa = PBXBuildFile; fileRef = 02EDC2F2D5964C2CA7AED65A /* TranscriptionProgressDisplay.swift */; };
		BABAA94EDBDA4ACF9C48619F /* TranscriptTextSanitizer.swift in Sources */ = {isa = PBXBuildFile; fileRef = DCD9E4D45FF14C1E9C11D5BB /* TranscriptTextSanitizer.swift */; };
		8A05A0659E3746EA99E460C5 /* TranscriptPartialTextBuilder.swift in Sources */ = {isa = PBXBuildFile; fileRef = E3E4E93AA6204069B6E30AAC /* TranscriptPartialTextBuilder.swift */; };
		03D2E4E5E51D43248453A2A2 /* AppDirectories.swift in Sources */ = {isa = PBXBuildFile; fileRef = 6A7BF95045AD4AB7884B6F0D /* AppDirectories.swift */; };
		0646DB7BFE8A42A08E0E41A4 /* Logger.swift in Sources */ = {isa = PBXBuildFile; fileRef = 915E802B0DC84315AEDA2EC3 /* Logger.swift */; };
		AB84F6AB64BA4756A2D3061E /* ErrorMapper.swift in Sources */ = {isa = PBXBuildFile; fileRef = 179CA9BCC5EB464996F0D5D5 /* ErrorMapper.swift */; };
		B4DC7188F2B8496FAE8075DF /* SupportedAudioTypes.swift in Sources */ = {isa = PBXBuildFile; fileRef = AE255F757DF94880B99FB4EE /* SupportedAudioTypes.swift */; };
		D82ED38AFE6B482B92B1DBED /* Transcriber.swift in Sources */ = {isa = PBXBuildFile; fileRef = 74A0E95F3D884DCB8A14E248 /* Transcriber.swift */; };
		0636FFB8E49641C78B74A016 /* WhisperKitTranscriber.swift in Sources */ = {isa = PBXBuildFile; fileRef = C55C4BE4616B40548F1199D8 /* WhisperKitTranscriber.swift */; };
		563DF1E889BD4A6EB376574B /* ModelAvailabilityService.swift in Sources */ = {isa = PBXBuildFile; fileRef = 3EEB6CDBCD47421F80D68515 /* ModelAvailabilityService.swift */; };
		6ABDF56D0B8D4193A6B92238 /* ModelDownloadService.swift in Sources */ = {isa = PBXBuildFile; fileRef = E04976E2DEBB4316A623D354 /* ModelDownloadService.swift */; };
		BFEFC0E2DD254279A49E96B6 /* AudioImportService.swift in Sources */ = {isa = PBXBuildFile; fileRef = 6F718B8164924A33A3503D99 /* AudioImportService.swift */; };
		BA5956E9E9CE4063935B2435 /* AudioFileService.swift in Sources */ = {isa = PBXBuildFile; fileRef = 64A2AA81851B48BE8CBC763D /* AudioFileService.swift */; };
		EA8021327B464DBC8C93AB35 /* DropFileNameResolver.swift in Sources */ = {isa = PBXBuildFile; fileRef = 705FD2288A6748E68ABE40F0 /* DropFileNameResolver.swift */; };
		6FCE28F5B7B545F4BE0530E5 /* DropURLParser.swift in Sources */ = {isa = PBXBuildFile; fileRef = 5D6E74139426475D90C8E19A /* DropURLParser.swift */; };
		3A44CFF15BFA44F48FBE0280 /* DropImportService.swift in Sources */ = {isa = PBXBuildFile; fileRef = CCDC0418AC5E4DD6A6A21EA3 /* DropImportService.swift */; };
		C8CFEDC19A214DA3943CAF69 /* AudioFileNameResolver.swift in Sources */ = {isa = PBXBuildFile; fileRef = F1174D1B959E4897BEB1ADFC /* AudioFileNameResolver.swift */; };
		8E07D10DA4684F16A9ACE6D1 /* ExportService.swift in Sources */ = {isa = PBXBuildFile; fileRef = 5B49B3B823C042B69DA0EAB7 /* ExportService.swift */; };
		45A69CEA27C04074938001EB /* AudioPlayerService.swift in Sources */ = {isa = PBXBuildFile; fileRef = 33C968F3B4E24D4AA2A7C43E /* AudioPlayerService.swift */; };
		BDA002046DB54F3AB1749815 /* SecurityScopedFileAccess.swift in Sources */ = {isa = PBXBuildFile; fileRef = D7F33036D10A42CD9E4FAF24 /* SecurityScopedFileAccess.swift */; };
		1E121CC15E3E4ED49A7B973D /* MainWindowView.swift in Sources */ = {isa = PBXBuildFile; fileRef = 00C367958ECB4B4B87E7F0D0 /* MainWindowView.swift */; };
		A47B44912E644D23B878E4F3 /* MainWindowViewModel.swift in Sources */ = {isa = PBXBuildFile; fileRef = 295AD7C6675A40AEA4FEB5F6 /* MainWindowViewModel.swift */; };
		4E5CFA0CEF2146C295976CFF /* StatusBarView.swift in Sources */ = {isa = PBXBuildFile; fileRef = 2348F72C809841A1B78CA66D /* StatusBarView.swift */; };
		4E7E6672B84344D8B7E76A9E /* FileDropView.swift in Sources */ = {isa = PBXBuildFile; fileRef = 1EF6A947EBDE4A9FA1E1C20F /* FileDropView.swift */; };
		686B292928D2411396216043 /* TranscriptEditorView.swift in Sources */ = {isa = PBXBuildFile; fileRef = E44BE738B223461BBCC38E9B /* TranscriptEditorView.swift */; };
		38FF8124D98A41B99974FA14 /* ExportServiceTests.swift in Sources */ = {isa = PBXBuildFile; fileRef = 790521795E144E13B1446691 /* ExportServiceTests.swift */; };
		140756CB7A1B4CF585522BB2 /* TranscriptModelTests.swift in Sources */ = {isa = PBXBuildFile; fileRef = 939CE8EE65D04CB3AFF3FEDC /* TranscriptModelTests.swift */; };
		553EBE37892D43128EE89D19 /* TranscriptionSmokeTests.swift in Sources */ = {isa = PBXBuildFile; fileRef = FF15B7511ED3411A83445E32 /* TranscriptionSmokeTests.swift */; };
		A5F01E68039C41B3809F9DBE /* ModelAvailabilityServiceTests.swift in Sources */ = {isa = PBXBuildFile; fileRef = 370825B9CE4F4A89920CE67B /* ModelAvailabilityServiceTests.swift */; };
		5E2160CFB78340D38D604D9D /* TranscriptionProgressDisplayTests.swift in Sources */ = {isa = PBXBuildFile; fileRef = 634493786A0E489F9D3BF46C /* TranscriptionProgressDisplayTests.swift */; };
		AA40B46690B1413A86FA2455 /* ModelDownloadIntegrationTests.swift in Sources */ = {isa = PBXBuildFile; fileRef = 632D1D10D1904A84978C81F7 /* ModelDownloadIntegrationTests.swift */; };
		3AEEF16712DC4A9BBEC9429A /* ModelAvailabilityPathTests.swift in Sources */ = {isa = PBXBuildFile; fileRef = 263D8416494F4762BBEF1E19 /* ModelAvailabilityPathTests.swift */; };
		0F671BAF0351421A8E2C404F /* ModelDownloadServiceTests.swift in Sources */ = {isa = PBXBuildFile; fileRef = 98F7880564864B2EB3914881 /* ModelDownloadServiceTests.swift */; };
		D5F47A55C23947559689BE5A /* WhisperKitTranscriberTests.swift in Sources */ = {isa = PBXBuildFile; fileRef = 0D6ACE2C58DE4AF59EDB2432 /* WhisperKitTranscriberTests.swift */; };
		74BC8B2F878F465C9A785D6F /* AudioImportServiceTests.swift in Sources */ = {isa = PBXBuildFile; fileRef = 324D259A40684393BF96090F /* AudioImportServiceTests.swift */; };
		718C7116F4B742A2B585D187 /* AudioFileServiceTests.swift in Sources */ = {isa = PBXBuildFile; fileRef = 4AB3FE7A69D74683A6BC5102 /* AudioFileServiceTests.swift */; };
		35AB9B7C70104C1985434870 /* MainWindowViewModelImportTests.swift in Sources */ = {isa = PBXBuildFile; fileRef = 17A0F42549CB438C9F18CD53 /* MainWindowViewModelImportTests.swift */; };
		1DAC11008EAB4E1CB8573DE3 /* MainWindowViewModelProgressTests.swift in Sources */ = {isa = PBXBuildFile; fileRef = 324948771A464A59825EEA4E /* MainWindowViewModelProgressTests.swift */; };
		AB130595E86F4EA2AF8B3644 /* TranscriptTextSanitizerTests.swift in Sources */ = {isa = PBXBuildFile; fileRef = 8F5C57D407304E89966A865C /* TranscriptTextSanitizerTests.swift */; };
		9862061F25CF48DEBC5D1609 /* TranscriptPartialTextBuilderTests.swift in Sources */ = {isa = PBXBuildFile; fileRef = F0F9AC542E19426682719FA3 /* TranscriptPartialTextBuilderTests.swift */; };
		2D3DB6342D4E48008E4BE8F4 /* AudioPlayerServiceTests.swift in Sources */ = {isa = PBXBuildFile; fileRef = 9EDF6C60481D4398B8AAFC79 /* AudioPlayerServiceTests.swift */; };
		16A4AA4F47104593942A6DDC /* Defaults.plist in Resources */ = {isa = PBXBuildFile; fileRef = DC985C98A7B9488F8CE788D5 /* Defaults.plist */; };
		5C974774572C449AAF123DF9 /* Assets.xcassets in Resources */ = {isa = PBXBuildFile; fileRef = 7EF9D9EE8F6646A093140379 /* Assets.xcassets */; };
		BADEE331C1264E308CD75251 /* WhisperKit in Frameworks */ = {isa = PBXBuildFile; productRef = C370B3178DD947EBB4A00F04 /* WhisperKit */; };
		922E4F17F99E4314AD8B5A57 /* Transnote.app */ = {isa = PBXFileReference; explicitFileType = wrapper.application; includeInIndex = 0; path = Transnote.app; sourceTree = BUILT_PRODUCTS_DIR; };
		9C514E31221B4A8389557FF5 /* LocalTranscriberTests.xctest */ = {isa = PBXFileReference; explicitFileType = wrapper.cfbundle; includeInIndex = 0; path = LocalTranscriberTests.xctest; sourceTree = BUILT_PRODUCTS_DIR; };
		C4BDCBE5ADBC40149CE07005 /* LocalTranscriberApp.swift */ = {isa = PBXFileReference; lastKnownFileType = sourcecode.swift; path = LocalTranscriberApp.swift; sourceTree = "<group>"; };
		4646F9463FD841E0A24086B6 /* TranscriptionJob.swift */ = {isa = PBXFileReference; lastKnownFileType = sourcecode.swift; path = TranscriptionJob.swift; sourceTree = "<group>"; };
		FB7C62226B8F49BDB5C4FAE0 /* Transcript.swift */ = {isa = PBXFileReference; lastKnownFileType = sourcecode.swift; path = Transcript.swift; sourceTree = "<group>"; };
		47B99E003B254D16AE2FDE45 /* TranscriptSegment.swift */ = {isa = PBXFileReference; lastKnownFileType = sourcecode.swift; path = TranscriptSegment.swift; sourceTree = "<group>"; };
		505051D167B54FC6BC2FA9BB /* AppSettings.swift */ = {isa = PBXFileReference; lastKnownFileType = sourcecode.swift; path = AppSettings.swift; sourceTree = "<group>"; };
		BDD23005F06442A7AE808C21 /* ExportFormat.swift */ = {isa = PBXFileReference; lastKnownFileType = sourcecode.swift; path = ExportFormat.swift; sourceTree = "<group>"; };
		A7485E4870D848C580FCB4CF /* TranscriptionProgressUpdate.swift */ = {isa = PBXFileReference; lastKnownFileType = sourcecode.swift; path = TranscriptionProgressUpdate.swift; sourceTree = "<group>"; };
		02EDC2F2D5964C2CA7AED65A /* TranscriptionProgressDisplay.swift */ = {isa = PBXFileReference; lastKnownFileType = sourcecode.swift; path = TranscriptionProgressDisplay.swift; sourceTree = "<group>"; };
		DCD9E4D45FF14C1E9C11D5BB /* TranscriptTextSanitizer.swift */ = {isa = PBXFileReference; lastKnownFileType = sourcecode.swift; path = TranscriptTextSanitizer.swift; sourceTree = "<group>"; };
		E3E4E93AA6204069B6E30AAC /* TranscriptPartialTextBuilder.swift */ = {isa = PBXFileReference; lastKnownFileType = sourcecode.swift; path = TranscriptPartialTextBuilder.swift; sourceTree = "<group>"; };
		6A7BF95045AD4AB7884B6F0D /* AppDirectories.swift */ = {isa = PBXFileReference; lastKnownFileType = sourcecode.swift; path = AppDirectories.swift; sourceTree = "<group>"; };
		915E802B0DC84315AEDA2EC3 /* Logger.swift */ = {isa = PBXFileReference; lastKnownFileType = sourcecode.swift; path = Logger.swift; sourceTree = "<group>"; };
		179CA9BCC5EB464996F0D5D5 /* ErrorMapper.swift */ = {isa = PBXFileReference; lastKnownFileType = sourcecode.swift; path = ErrorMapper.swift; sourceTree = "<group>"; };
		AE255F757DF94880B99FB4EE /* SupportedAudioTypes.swift */ = {isa = PBXFileReference; lastKnownFileType = sourcecode.swift; path = SupportedAudioTypes.swift; sourceTree = "<group>"; };
		74A0E95F3D884DCB8A14E248 /* Transcriber.swift */ = {isa = PBXFileReference; lastKnownFileType = sourcecode.swift; path = Transcriber.swift; sourceTree = "<group>"; };
		C55C4BE4616B40548F1199D8 /* WhisperKitTranscriber.swift */ = {isa = PBXFileReference; lastKnownFileType = sourcecode.swift; path = WhisperKitTranscriber.swift; sourceTree = "<group>"; };
		3EEB6CDBCD47421F80D68515 /* ModelAvailabilityService.swift */ = {isa = PBXFileReference; lastKnownFileType = sourcecode.swift; path = ModelAvailabilityService.swift; sourceTree = "<group>"; };
		E04976E2DEBB4316A623D354 /* ModelDownloadService.swift */ = {isa = PBXFileReference; lastKnownFileType = sourcecode.swift; path = ModelDownloadService.swift; sourceTree = "<group>"; };
		6F718B8164924A33A3503D99 /* AudioImportService.swift */ = {isa = PBXFileReference; lastKnownFileType = sourcecode.swift; path = AudioImportService.swift; sourceTree = "<group>"; };
		64A2AA81851B48BE8CBC763D /* AudioFileService.swift */ = {isa = PBXFileReference; lastKnownFileType = sourcecode.swift; path = AudioFileService.swift; sourceTree = "<group>"; };
		705FD2288A6748E68ABE40F0 /* DropFileNameResolver.swift */ = {isa = PBXFileReference; lastKnownFileType = sourcecode.swift; path = DropFileNameResolver.swift; sourceTree = "<group>"; };
		5D6E74139426475D90C8E19A /* DropURLParser.swift */ = {isa = PBXFileReference; lastKnownFileType = sourcecode.swift; path = DropURLParser.swift; sourceTree = "<group>"; };
		CCDC0418AC5E4DD6A6A21EA3 /* DropImportService.swift */ = {isa = PBXFileReference; lastKnownFileType = sourcecode.swift; path = DropImportService.swift; sourceTree = "<group>"; };
		F1174D1B959E4897BEB1ADFC /* AudioFileNameResolver.swift */ = {isa = PBXFileReference; lastKnownFileType = sourcecode.swift; path = AudioFileNameResolver.swift; sourceTree = "<group>"; };
		5B49B3B823C042B69DA0EAB7 /* ExportService.swift */ = {isa = PBXFileReference; lastKnownFileType = sourcecode.swift; path = ExportService.swift; sourceTree = "<group>"; };
		33C968F3B4E24D4AA2A7C43E /* AudioPlayerService.swift */ = {isa = PBXFileReference; lastKnownFileType = sourcecode.swift; path = AudioPlayerService.swift; sourceTree = "<group>"; };
		D7F33036D10A42CD9E4FAF24 /* SecurityScopedFileAccess.swift */ = {isa = PBXFileReference; lastKnownFileType = sourcecode.swift; path = SecurityScopedFileAccess.swift; sourceTree = "<group>"; };
		00C367958ECB4B4B87E7F0D0 /* MainWindowView.swift */ = {isa = PBXFileReference; lastKnownFileType = sourcecode.swift; path = MainWindowView.swift; sourceTree = "<group>"; };
		295AD7C6675A40AEA4FEB5F6 /* MainWindowViewModel.swift */ = {isa = PBXFileReference; lastKnownFileType = sourcecode.swift; path = MainWindowViewModel.swift; sourceTree = "<group>"; };
		2348F72C809841A1B78CA66D /* StatusBarView.swift */ = {isa = PBXFileReference; lastKnownFileType = sourcecode.swift; path = StatusBarView.swift; sourceTree = "<group>"; };
		1EF6A947EBDE4A9FA1E1C20F /* FileDropView.swift */ = {isa = PBXFileReference; lastKnownFileType = sourcecode.swift; path = FileDropView.swift; sourceTree = "<group>"; };
		E44BE738B223461BBCC38E9B /* TranscriptEditorView.swift */ = {isa = PBXFileReference; lastKnownFileType = sourcecode.swift; path = TranscriptEditorView.swift; sourceTree = "<group>"; };
		790521795E144E13B1446691 /* ExportServiceTests.swift */ = {isa = PBXFileReference; lastKnownFileType = sourcecode.swift; path = ExportServiceTests.swift; sourceTree = "<group>"; };
		939CE8EE65D04CB3AFF3FEDC /* TranscriptModelTests.swift */ = {isa = PBXFileReference; lastKnownFileType = sourcecode.swift; path = TranscriptModelTests.swift; sourceTree = "<group>"; };
		FF15B7511ED3411A83445E32 /* TranscriptionSmokeTests.swift */ = {isa = PBXFileReference; lastKnownFileType = sourcecode.swift; path = TranscriptionSmokeTests.swift; sourceTree = "<group>"; };
		370825B9CE4F4A89920CE67B /* ModelAvailabilityServiceTests.swift */ = {isa = PBXFileReference; lastKnownFileType = sourcecode.swift; path = ModelAvailabilityServiceTests.swift; sourceTree = "<group>"; };
		634493786A0E489F9D3BF46C /* TranscriptionProgressDisplayTests.swift */ = {isa = PBXFileReference; lastKnownFileType = sourcecode.swift; path = TranscriptionProgressDisplayTests.swift; sourceTree = "<group>"; };
		632D1D10D1904A84978C81F7 /* ModelDownloadIntegrationTests.swift */ = {isa = PBXFileReference; lastKnownFileType = sourcecode.swift; path = ModelDownloadIntegrationTests.swift; sourceTree = "<group>"; };
		263D8416494F4762BBEF1E19 /* ModelAvailabilityPathTests.swift */ = {isa = PBXFileReference; lastKnownFileType = sourcecode.swift; path = ModelAvailabilityPathTests.swift; sourceTree = "<group>"; };
		98F7880564864B2EB3914881 /* ModelDownloadServiceTests.swift */ = {isa = PBXFileReference; lastKnownFileType = sourcecode.swift; path = ModelDownloadServiceTests.swift; sourceTree = "<group>"; };
		0D6ACE2C58DE4AF59EDB2432 /* WhisperKitTranscriberTests.swift */ = {isa = PBXFileReference; lastKnownFileType = sourcecode.swift; path = WhisperKitTranscriberTests.swift; sourceTree = "<group>"; };
		324D259A40684393BF96090F /* AudioImportServiceTests.swift */ = {isa = PBXFileReference; lastKnownFileType = sourcecode.swift; path = AudioImportServiceTests.swift; sourceTree = "<group>"; };
		4AB3FE7A69D74683A6BC5102 /* AudioFileServiceTests.swift */ = {isa = PBXFileReference; lastKnownFileType = sourcecode.swift; path = AudioFileServiceTests.swift; sourceTree = "<group>"; };
		17A0F42549CB438C9F18CD53 /* MainWindowViewModelImportTests.swift */ = {isa = PBXFileReference; lastKnownFileType = sourcecode.swift; path = MainWindowViewModelImportTests.swift; sourceTree = "<group>"; };
		324948771A464A59825EEA4E /* MainWindowViewModelProgressTests.swift */ = {isa = PBXFileReference; lastKnownFileType = sourcecode.swift; path = MainWindowViewModelProgressTests.swift; sourceTree = "<group>"; };
		8F5C57D407304E89966A865C /* TranscriptTextSanitizerTests.swift */ = {isa = PBXFileReference; lastKnownFileType = sourcecode.swift; path = TranscriptTextSanitizerTests.swift; sourceTree = "<group>"; };
		F0F9AC542E19426682719FA3 /* TranscriptPartialTextBuilderTests.swift */ = {isa = PBXFileReference; lastKnownFileType = sourcecode.swift; path = TranscriptPartialTextBuilderTests.swift; sourceTree = "<group>"; };
		9EDF6C60481D4398B8AAFC79 /* AudioPlayerServiceTests.swift */ = {isa = PBXFileReference; lastKnownFileType = sourcecode.swift; path = AudioPlayerServiceTests.swift; sourceTree = "<group>"; };
		DC985C98A7B9488F8CE788D5 /* Defaults.plist */ = {isa = PBXFileReference; lastKnownFileType = text.plist.xml; path = Defaults.plist; sourceTree = "<group>"; };
		7EF9D9EE8F6646A093140379 /* Assets.xcassets */ = {isa = PBXFileReference; lastKnownFileType = folder.assetcatalog; path = Assets.xcassets; sourceTree = "<group>"; };
		0035E266229546D5A6EB0707 /* LocalTranscriber.entitlements */ = {isa = PBXFileReference; lastKnownFileType = text.plist.entitlements; path = LocalTranscriber.entitlements; sourceTree = "<group>"; };
		D88E0F09B502453FAD7AF9CB /* Info.plist */ = {isa = PBXFileReference; lastKnownFileType = text.plist.xml; path = Info.plist; sourceTree = "<group>"; };
		C9D8FDC9F6CD464CB8E2AE23 /* Frameworks */ = {
			isa = PBXFrameworksBuildPhase;
			buildActionMask = 2147483647;
			files = (
				BADEE331C1264E308CD75251 /* WhisperKit in Frameworks */,
			);
			runOnlyForDeploymentPostprocessing = 0;
		};
		938F87C4C2B34AB491633A0B /* Frameworks */ = {
			isa = PBXFrameworksBuildPhase;
			buildActionMask = 2147483647;
			files = ();
			runOnlyForDeploymentPostprocessing = 0;
		};
		A35F1FA45A6E426F812D9325 /* Domain */ = {
			isa = PBXGroup;
			children = (
				4646F9463FD841E0A24086B6 /* TranscriptionJob.swift */,
				FB7C62226B8F49BDB5C4FAE0 /* Transcript.swift */,
				47B99E003B254D16AE2FDE45 /* TranscriptSegment.swift */,
				505051D167B54FC6BC2FA9BB /* AppSettings.swift */,
				BDD23005F06442A7AE808C21 /* ExportFormat.swift */,
				A7485E4870D848C580FCB4CF /* TranscriptionProgressUpdate.swift */,
				02EDC2F2D5964C2CA7AED65A /* TranscriptionProgressDisplay.swift */,
				DCD9E4D45FF14C1E9C11D5BB /* TranscriptTextSanitizer.swift */,
				E3E4E93AA6204069B6E30AAC /* TranscriptPartialTextBuilder.swift */,
			);
			path = Domain;
			sourceTree = "<group>";
		};
		888A2E64FB32478CB15B4BCD /* Infrastructure */ = {
			isa = PBXGroup;
			children = (
				6A7BF95045AD4AB7884B6F0D /* AppDirectories.swift */,
				915E802B0DC84315AEDA2EC3 /* Logger.swift */,
				179CA9BCC5EB464996F0D5D5 /* ErrorMapper.swift */,
				AE255F757DF94880B99FB4EE /* SupportedAudioTypes.swift */,
			);
			path = Infrastructure;
			sourceTree = "<group>";
		};
		2321896614144A59BC4E9DD0 /* Services */ = {
			isa = PBXGroup;
			children = (
				74A0E95F3D884DCB8A14E248 /* Transcriber.swift */,
				C55C4BE4616B40548F1199D8 /* WhisperKitTranscriber.swift */,
				3EEB6CDBCD47421F80D68515 /* ModelAvailabilityService.swift */,
				E04976E2DEBB4316A623D354 /* ModelDownloadService.swift */,
				6F718B8164924A33A3503D99 /* AudioImportService.swift */,
				64A2AA81851B48BE8CBC763D /* AudioFileService.swift */,
				705FD2288A6748E68ABE40F0 /* DropFileNameResolver.swift */,
				5D6E74139426475D90C8E19A /* DropURLParser.swift */,
				CCDC0418AC5E4DD6A6A21EA3 /* DropImportService.swift */,
				F1174D1B959E4897BEB1ADFC /* AudioFileNameResolver.swift */,
				5B49B3B823C042B69DA0EAB7 /* ExportService.swift */,
				33C968F3B4E24D4AA2A7C43E /* AudioPlayerService.swift */,
				D7F33036D10A42CD9E4FAF24 /* SecurityScopedFileAccess.swift */,
			);
			path = Services;
			sourceTree = "<group>";
		};
		BBEDA02D558F4948A926CE73 /* Presentation */ = {
			isa = PBXGroup;
			children = (
				00C367958ECB4B4B87E7F0D0 /* MainWindowView.swift */,
				295AD7C6675A40AEA4FEB5F6 /* MainWindowViewModel.swift */,
				2348F72C809841A1B78CA66D /* StatusBarView.swift */,
				1EF6A947EBDE4A9FA1E1C20F /* FileDropView.swift */,
				E44BE738B223461BBCC38E9B /* TranscriptEditorView.swift */,
			);
			path = Presentation;
			sourceTree = "<group>";
		};
		0CEC8BAFD38245E68488DD0C /* LocalTranscriber */ = {
			isa = PBXGroup;
			children = (
				C4BDCBE5ADBC40149CE07005 /* LocalTranscriberApp.swift */,
				A35F1FA45A6E426F812D9325 /* Domain */,
				888A2E64FB32478CB15B4BCD /* Infrastructure */,
				2321896614144A59BC4E9DD0 /* Services */,
				BBEDA02D558F4948A926CE73 /* Presentation */,
				7EF9D9EE8F6646A093140379 /* Assets.xcassets */,
				D88E0F09B502453FAD7AF9CB /* Info.plist */,
				0035E266229546D5A6EB0707 /* LocalTranscriber.entitlements */,
			);
			path = LocalTranscriber;
			sourceTree = "<group>";
		};
		D1D6681B41EB4E89B1A10373 /* LocalTranscriberTests */ = {
			isa = PBXGroup;
			children = (
				790521795E144E13B1446691 /* ExportServiceTests.swift */,
				939CE8EE65D04CB3AFF3FEDC /* TranscriptModelTests.swift */,
				FF15B7511ED3411A83445E32 /* TranscriptionSmokeTests.swift */,
				370825B9CE4F4A89920CE67B /* ModelAvailabilityServiceTests.swift */,
				634493786A0E489F9D3BF46C /* TranscriptionProgressDisplayTests.swift */,
				632D1D10D1904A84978C81F7 /* ModelDownloadIntegrationTests.swift */,
				263D8416494F4762BBEF1E19 /* ModelAvailabilityPathTests.swift */,
				98F7880564864B2EB3914881 /* ModelDownloadServiceTests.swift */,
				0D6ACE2C58DE4AF59EDB2432 /* WhisperKitTranscriberTests.swift */,
				324D259A40684393BF96090F /* AudioImportServiceTests.swift */,
				4AB3FE7A69D74683A6BC5102 /* AudioFileServiceTests.swift */,
				17A0F42549CB438C9F18CD53 /* MainWindowViewModelImportTests.swift */,
				324948771A464A59825EEA4E /* MainWindowViewModelProgressTests.swift */,
				8F5C57D407304E89966A865C /* TranscriptTextSanitizerTests.swift */,
				F0F9AC542E19426682719FA3 /* TranscriptPartialTextBuilderTests.swift */,
				9EDF6C60481D4398B8AAFC79 /* AudioPlayerServiceTests.swift */,
			);
			path = LocalTranscriberTests;
			sourceTree = "<group>";
		};
		DE33AB9AC4E0482C8F857F04 /* Config */ = {
			isa = PBXGroup;
			children = (
				DC985C98A7B9488F8CE788D5 /* Defaults.plist */,
			);
			path = Config;
			sourceTree = "<group>";
		};
		0B0AB1981FFA471FA9427F4D /* Products */ = {
			isa = PBXGroup;
			children = (
				922E4F17F99E4314AD8B5A57 /* Transnote.app */,
				9C514E31221B4A8389557FF5 /* LocalTranscriberTests.xctest */,
			);
			sourceTree = "<group>";
		};
		C3F4DEBCC44E4762A3137F72 /* Main */ = {
			isa = PBXGroup;
			children = (
				0CEC8BAFD38245E68488DD0C /* LocalTranscriber */,
				D1D6681B41EB4E89B1A10373 /* LocalTranscriberTests */,
				DE33AB9AC4E0482C8F857F04 /* Config */,
				0B0AB1981FFA471FA9427F4D /* Products */,
			);
			sourceTree = "<group>";
		};
		1F615288D1FF487D8D3E4E29 /* PBXContainerItemProxy */ = {
			isa = PBXContainerItemProxy;
			containerPortal = D047ED2EA9694DC99C7C7BF3 /* Project object */;
			proxyType = 1;
			remoteGlobalIDString = E08FDB737F214FDFA6BB6FF4;
			remoteInfo = LocalTranscriber;
		};
		BEB7F6DECC35402FB2CED98D /* PBXTargetDependency */ = {
			isa = PBXTargetDependency;
			target = E08FDB737F214FDFA6BB6FF4 /* LocalTranscriber */;
			targetProxy = 1F615288D1FF487D8D3E4E29 /* PBXContainerItemProxy */;
		};
		E08FDB737F214FDFA6BB6FF4 /* LocalTranscriber */ = {
			isa = PBXNativeTarget;
			buildConfigurationList = B1A10BC635BB4540B03BACEB /* Build configuration list for PBXNativeTarget "LocalTranscriber" */;
			buildPhases = (
				8399233DEC6F4CB2A81B0D10 /* Sources */,
				C9D8FDC9F6CD464CB8E2AE23 /* Frameworks */,
				5C4A1C9708AA4E5680DB50AE /* Resources */,
			);
			buildRules = ();
			dependencies = ();
			name = LocalTranscriber;
			packageProductDependencies = (
				C370B3178DD947EBB4A00F04 /* WhisperKit */,
			);
			productName = LocalTranscriber;
			productReference = 922E4F17F99E4314AD8B5A57 /* Transnote.app */;
			productType = "com.apple.product-type.application";
		};
		03DD3A806BDF4416A18E8985 /* LocalTranscriberTests */ = {
			isa = PBXNativeTarget;
			buildConfigurationList = 783777F8474744EBACFC523C /* Build configuration list for PBXNativeTarget "LocalTranscriberTests" */;
			buildPhases = (
				8692B625C062406995C7D993 /* Sources */,
				938F87C4C2B34AB491633A0B /* Frameworks */,
			);
			buildRules = ();
			dependencies = (
				BEB7F6DECC35402FB2CED98D /* PBXTargetDependency */,
			);
			name = LocalTranscriberTests;
			productName = LocalTranscriberTests;
			productReference = 9C514E31221B4A8389557FF5 /* LocalTranscriberTests.xctest */;
			productType = "com.apple.product-type.bundle.unit-test";
		};
		D047ED2EA9694DC99C7C7BF3 /* Project object */ = {
			isa = PBXProject;
			attributes = {
				BuildIndependentTargetsInParallel = 1;
				LastSwiftUpdateCheck = 1600;
				LastUpgradeCheck = 1600;
				TargetAttributes = {
					E08FDB737F214FDFA6BB6FF4 = {
						CreatedOnToolsVersion = 16.0;
					};
					03DD3A806BDF4416A18E8985 = {
						CreatedOnToolsVersion = 16.0;
						TestTargetID = E08FDB737F214FDFA6BB6FF4;
					};
				};
			};
			buildConfigurationList = 2382B896DB7D4EEE8CD2E87C /* Build configuration list for PBXProject "LocalTranscriber" */;
			compatibilityVersion = "Xcode 14.0";
			developmentRegion = en;
			hasScannedForEncodings = 0;
			knownRegions = (en, Base);
			mainGroup = C3F4DEBCC44E4762A3137F72;
			packageReferences = (
				7BD7E4572A1248B28C2CE2A8 /* XCRemoteSwiftPackageReference argmax-oss-swift */,
			);
			productRefGroup = 0B0AB1981FFA471FA9427F4D /* Products */;
			projectDirPath = "";
			projectRoot = "";
			targets = (
				E08FDB737F214FDFA6BB6FF4 /* LocalTranscriber */,
				03DD3A806BDF4416A18E8985 /* LocalTranscriberTests */,
			);
		};
		8399233DEC6F4CB2A81B0D10 /* Sources */ = {
			isa = PBXSourcesBuildPhase;
			buildActionMask = 2147483647;
			files = (
				BE94F25AE2FC4ECF95D9043F /* LocalTranscriberApp.swift in Sources */,
				939FD8C3F4CA4E6AA1FE0496 /* TranscriptionJob.swift in Sources */,
				9B2ECEABDA37445494D458CC /* Transcript.swift in Sources */,
				FAAEC26B6AD54243B2A97827 /* TranscriptSegment.swift in Sources */,
				7B4ABE22F30B45E2A2EB0327 /* AppSettings.swift in Sources */,
				3DE156BD35DC4B9E89744532 /* ExportFormat.swift in Sources */,
				C816F7E14FBF47BEAF4C9112 /* TranscriptionProgressUpdate.swift in Sources */,
				E74F80FD9234428B985067B3 /* TranscriptionProgressDisplay.swift in Sources */,
				BABAA94EDBDA4ACF9C48619F /* TranscriptTextSanitizer.swift in Sources */,
				8A05A0659E3746EA99E460C5 /* TranscriptPartialTextBuilder.swift in Sources */,
				03D2E4E5E51D43248453A2A2 /* AppDirectories.swift in Sources */,
				0646DB7BFE8A42A08E0E41A4 /* Logger.swift in Sources */,
				AB84F6AB64BA4756A2D3061E /* ErrorMapper.swift in Sources */,
				B4DC7188F2B8496FAE8075DF /* SupportedAudioTypes.swift in Sources */,
				D82ED38AFE6B482B92B1DBED /* Transcriber.swift in Sources */,
				0636FFB8E49641C78B74A016 /* WhisperKitTranscriber.swift in Sources */,
				563DF1E889BD4A6EB376574B /* ModelAvailabilityService.swift in Sources */,
				6ABDF56D0B8D4193A6B92238 /* ModelDownloadService.swift in Sources */,
				BFEFC0E2DD254279A49E96B6 /* AudioImportService.swift in Sources */,
				BA5956E9E9CE4063935B2435 /* AudioFileService.swift in Sources */,
				EA8021327B464DBC8C93AB35 /* DropFileNameResolver.swift in Sources */,
				6FCE28F5B7B545F4BE0530E5 /* DropURLParser.swift in Sources */,
				3A44CFF15BFA44F48FBE0280 /* DropImportService.swift in Sources */,
				C8CFEDC19A214DA3943CAF69 /* AudioFileNameResolver.swift in Sources */,
				8E07D10DA4684F16A9ACE6D1 /* ExportService.swift in Sources */,
				45A69CEA27C04074938001EB /* AudioPlayerService.swift in Sources */,
				BDA002046DB54F3AB1749815 /* SecurityScopedFileAccess.swift in Sources */,
				1E121CC15E3E4ED49A7B973D /* MainWindowView.swift in Sources */,
				A47B44912E644D23B878E4F3 /* MainWindowViewModel.swift in Sources */,
				4E5CFA0CEF2146C295976CFF /* StatusBarView.swift in Sources */,
				4E7E6672B84344D8B7E76A9E /* FileDropView.swift in Sources */,
				686B292928D2411396216043 /* TranscriptEditorView.swift in Sources */,
			);
			runOnlyForDeploymentPostprocessing = 0;
		};
		8692B625C062406995C7D993 /* Sources */ = {
			isa = PBXSourcesBuildPhase;
			buildActionMask = 2147483647;
			files = (
				38FF8124D98A41B99974FA14 /* ExportServiceTests.swift in Sources */,
				140756CB7A1B4CF585522BB2 /* TranscriptModelTests.swift in Sources */,
				553EBE37892D43128EE89D19 /* TranscriptionSmokeTests.swift in Sources */,
				A5F01E68039C41B3809F9DBE /* ModelAvailabilityServiceTests.swift in Sources */,
				5E2160CFB78340D38D604D9D /* TranscriptionProgressDisplayTests.swift in Sources */,
				AA40B46690B1413A86FA2455 /* ModelDownloadIntegrationTests.swift in Sources */,
				3AEEF16712DC4A9BBEC9429A /* ModelAvailabilityPathTests.swift in Sources */,
				0F671BAF0351421A8E2C404F /* ModelDownloadServiceTests.swift in Sources */,
				D5F47A55C23947559689BE5A /* WhisperKitTranscriberTests.swift in Sources */,
				74BC8B2F878F465C9A785D6F /* AudioImportServiceTests.swift in Sources */,
				718C7116F4B742A2B585D187 /* AudioFileServiceTests.swift in Sources */,
				35AB9B7C70104C1985434870 /* MainWindowViewModelImportTests.swift in Sources */,
				1DAC11008EAB4E1CB8573DE3 /* MainWindowViewModelProgressTests.swift in Sources */,
				AB130595E86F4EA2AF8B3644 /* TranscriptTextSanitizerTests.swift in Sources */,
				9862061F25CF48DEBC5D1609 /* TranscriptPartialTextBuilderTests.swift in Sources */,
				2D3DB6342D4E48008E4BE8F4 /* AudioPlayerServiceTests.swift in Sources */,
			);
			runOnlyForDeploymentPostprocessing = 0;
		};
		5C4A1C9708AA4E5680DB50AE /* Resources */ = {
			isa = PBXResourcesBuildPhase;
			buildActionMask = 2147483647;
			files = (
				16A4AA4F47104593942A6DDC /* Defaults.plist in Resources */,
				5C974774572C449AAF123DF9 /* Assets.xcassets in Resources */,
			);
			runOnlyForDeploymentPostprocessing = 0;
		};
		5596C765045A45E08D892A4F /* Debug */ = {
			isa = XCBuildConfiguration;
			buildSettings = {
				ALWAYS_SEARCH_USER_PATHS = NO;
				CLANG_ENABLE_MODULES = YES;
				CLANG_ENABLE_OBJC_ARC = YES;
				COPY_PHASE_STRIP = NO;
				DEBUG_INFORMATION_FORMAT = dwarf;
				ENABLE_STRICT_OBJC_MSGSEND = YES;
				GCC_C_LANGUAGE_STANDARD = gnu17;
				MACOSX_DEPLOYMENT_TARGET = 14.0;
				ONLY_ACTIVE_ARCH = YES;
				SDKROOT = macosx;
				SWIFT_ACTIVE_COMPILATION_CONDITIONS = "DEBUG $(inherited)";
				SWIFT_OPTIMIZATION_LEVEL = "-Onone";
				GCC_DYNAMIC_NO_PIC = NO;
				GCC_OPTIMIZATION_LEVEL = 0;
			};
			name = Debug;
		};
		E2656DFA6BD1470099BB2026 /* Release */ = {
			isa = XCBuildConfiguration;
			buildSettings = {
				ALWAYS_SEARCH_USER_PATHS = NO;
				CLANG_ENABLE_MODULES = YES;
				CLANG_ENABLE_OBJC_ARC = YES;
				COPY_PHASE_STRIP = YES;
				DEBUG_INFORMATION_FORMAT = "dwarf-with-dsym";
				ENABLE_NS_ASSERTIONS = NO;
				ENABLE_STRICT_OBJC_MSGSEND = YES;
				GCC_C_LANGUAGE_STANDARD = gnu17;
				MACOSX_DEPLOYMENT_TARGET = 14.0;
				ONLY_ACTIVE_ARCH = NO;
				SDKROOT = macosx;
				SWIFT_ACTIVE_COMPILATION_CONDITIONS = "$(inherited)";
				SWIFT_OPTIMIZATION_LEVEL = "-O";
				SWIFT_COMPILATION_MODE = wholemodule;
				VALIDATE_PRODUCT = YES;
			};
			name = Release;
		};
		49F00D79425B41D69B3B662F /* Debug */ = {
			isa = XCBuildConfiguration;
			buildSettings = {
				ASSETCATALOG_COMPILER_APPICON_NAME = AppIcon;
				CODE_SIGN_ENTITLEMENTS = LocalTranscriber/LocalTranscriber.entitlements;
				CODE_SIGN_STYLE = Automatic;
				COMBINE_HIDPI_IMAGES = YES;
				CURRENT_PROJECT_VERSION = 1;
				DEVELOPMENT_TEAM = "";
				ENABLE_HARDENED_RUNTIME = YES;
				ENABLE_TESTABILITY = YES;
				GENERATE_INFOPLIST_FILE = NO;
				INFOPLIST_FILE = LocalTranscriber/Info.plist;
				LD_RUNPATH_SEARCH_PATHS = (
					"$(inherited)",
					"@executable_path/../Frameworks",
				);
				MACOSX_DEPLOYMENT_TARGET = 14.0;
				MARKETING_VERSION = 0.1.0;
				PRODUCT_BUNDLE_IDENTIFIER = com.transnote.LocalTranscriber;
				PRODUCT_MODULE_NAME = LocalTranscriber;
				PRODUCT_NAME = Transnote;
				SWIFT_EMIT_LOC_STRINGS = YES;
				SWIFT_VERSION = 5.0;
			};
			name = Debug;
		};
		97FE24C10E3B48E385B6F00B /* Release */ = {
			isa = XCBuildConfiguration;
			buildSettings = {
				ASSETCATALOG_COMPILER_APPICON_NAME = AppIcon;
				CODE_SIGN_ENTITLEMENTS = LocalTranscriber/LocalTranscriber.entitlements;
				CODE_SIGN_STYLE = Automatic;
				COMBINE_HIDPI_IMAGES = YES;
				CURRENT_PROJECT_VERSION = 1;
				DEVELOPMENT_TEAM = "";
				ENABLE_HARDENED_RUNTIME = YES;
				GENERATE_INFOPLIST_FILE = NO;
				INFOPLIST_FILE = LocalTranscriber/Info.plist;
				LD_RUNPATH_SEARCH_PATHS = (
					"$(inherited)",
					"@executable_path/../Frameworks",
				);
				MACOSX_DEPLOYMENT_TARGET = 14.0;
				MARKETING_VERSION = 0.1.0;
				PRODUCT_BUNDLE_IDENTIFIER = com.transnote.LocalTranscriber;
				PRODUCT_MODULE_NAME = LocalTranscriber;
				PRODUCT_NAME = Transnote;
				SWIFT_EMIT_LOC_STRINGS = YES;
				SWIFT_VERSION = 5.0;
			};
			name = Release;
		};
		FE02DE8DC4F845D495C21C80 /* Debug */ = {
			isa = XCBuildConfiguration;
			buildSettings = {
				BUNDLE_LOADER = "$(TEST_HOST)";
				CODE_SIGN_STYLE = Automatic;
				CURRENT_PROJECT_VERSION = 1;
				DEVELOPMENT_TEAM = "";
				GENERATE_INFOPLIST_FILE = YES;
				MACOSX_DEPLOYMENT_TARGET = 14.0;
				MARKETING_VERSION = 0.1.0;
				PRODUCT_BUNDLE_IDENTIFIER = com.transnote.LocalTranscriberTests;
				PRODUCT_NAME = "$(TARGET_NAME)";
				SWIFT_EMIT_LOC_STRINGS = NO;
				SWIFT_VERSION = 5.0;
				TEST_HOST = "$(BUILT_PRODUCTS_DIR)/Transnote.app/$(BUNDLE_EXECUTABLE_FOLDER_PATH)/Transnote";
			};
			name = Debug;
		};
		A6E952B8EC52443780F29CFF /* Release */ = {
			isa = XCBuildConfiguration;
			buildSettings = {
				BUNDLE_LOADER = "$(TEST_HOST)";
				CODE_SIGN_STYLE = Automatic;
				CURRENT_PROJECT_VERSION = 1;
				DEVELOPMENT_TEAM = "";
				GENERATE_INFOPLIST_FILE = YES;
				MACOSX_DEPLOYMENT_TARGET = 14.0;
				MARKETING_VERSION = 0.1.0;
				PRODUCT_BUNDLE_IDENTIFIER = com.transnote.LocalTranscriberTests;
				PRODUCT_NAME = "$(TARGET_NAME)";
				SWIFT_EMIT_LOC_STRINGS = NO;
				SWIFT_VERSION = 5.0;
				TEST_HOST = "$(BUILT_PRODUCTS_DIR)/Transnote.app/$(BUNDLE_EXECUTABLE_FOLDER_PATH)/Transnote";
			};
			name = Release;
		};
		2382B896DB7D4EEE8CD2E87C /* Build configuration list for PBXProject "LocalTranscriber" */ = {
			isa = XCConfigurationList;
			buildConfigurations = (
				5596C765045A45E08D892A4F /* Debug */,
				E2656DFA6BD1470099BB2026 /* Release */,
			);
			defaultConfigurationIsVisible = 0;
			defaultConfigurationName = Release;
		};
		B1A10BC635BB4540B03BACEB /* Build configuration list for PBXNativeTarget "LocalTranscriber" */ = {
			isa = XCConfigurationList;
			buildConfigurations = (
				49F00D79425B41D69B3B662F /* Debug */,
				97FE24C10E3B48E385B6F00B /* Release */,
			);
			defaultConfigurationIsVisible = 0;
			defaultConfigurationName = Release;
		};
		783777F8474744EBACFC523C /* Build configuration list for PBXNativeTarget "LocalTranscriberTests" */ = {
			isa = XCConfigurationList;
			buildConfigurations = (
				FE02DE8DC4F845D495C21C80 /* Debug */,
				A6E952B8EC52443780F29CFF /* Release */,
			);
			defaultConfigurationIsVisible = 0;
			defaultConfigurationName = Release;
		};
		7BD7E4572A1248B28C2CE2A8 /* XCRemoteSwiftPackageReference argmax-oss-swift */ = {
			isa = XCRemoteSwiftPackageReference;
			repositoryURL = "https://github.com/argmaxinc/argmax-oss-swift";
			requirement = {
				kind = upToNextMajorVersion;
				minimumVersion = 0.9.0;
			};
		};
		C370B3178DD947EBB4A00F04 /* WhisperKit */ = {
			isa = XCSwiftPackageProductDependency;
			package = 7BD7E4572A1248B28C2CE2A8 /* XCRemoteSwiftPackageReference argmax-oss-swift */;
			productName = WhisperKit;
		};
	};
	rootObject = D047ED2EA9694DC99C7C7BF3 /* Project object */;
}
